
Microsoft Visual Studio Solution File, Format Version 12.00
# Visual Studio Version 17
VisualStudioVersion = 17.0.31903.59
MinimumVisualStudioVersion = 10.0.40219.1
Project("{2150E333-8FDC-42A3-9474-1A3956D46DE8}") = "Domain", "Domain", "{996CEBED-A05B-5D42-3FF0-982E087A2599}"
EndProject
Project("{FAE04EC0-301F-11D3-BF4B-00C04F79EFBC}") = "CryptoJackpot.Domain.Core", "Domain\CryptoJackpot.Domain.Core.csproj", "{6DC97D04-B8C0-4B48-A4CE-B22B3F4A1C18}"
EndProject
Project("{2150E333-8FDC-42A3-9474-1A3956D46DE8}") = "Infra.Bus", "Infra.Bus", "{E376477C-F828-6C98-EC53-D2FF08090A43}"
EndProject
Project("{FAE04EC0-301F-11D3-BF4B-00C04F79EFBC}") = "CryptoJackpot.Infra.Bus", "Infra.Bus\CryptoJackpot.Infra.Bus.csproj", "{096852BE-0C99-472D-9033-390F5D626167}"
EndProject
Project("{2150E333-8FDC-42A3-9474-1A3956D46DE8}") = "Infra.IoC", "Infra.IoC", "{D554D12D-FB77-DBB9-D2C6-6B24B3C2D9EE}"
EndProject
Project("{FAE04EC0-301F-11D3-BF4B-00C04F79EFBC}") = "CryptoJackpot.Infra.IoC", "Infra.IoC\CryptoJackpot.Infra.IoC.csproj", "{36456811-B51B-4E64-9183-9CDF7C6CE0EB}"
EndProject
Project("{2150E333-8FDC-42A3-9474-1A3956D46DE8}") = "Microservices", "Microservices", "{8A367DDA-5161-A942-4F09-60E4726C9306}"
EndProject
Project("{2150E333-8FDC-42A3-9474-1A3956D46DE8}") = "Identity", "Identity", "{81D30253-D957-530F-3512-F8F4B88CAE26}"
EndProject
Project("{2150E333-8FDC-42A3-9474-1A3956D46DE8}") = "Domain", "Domain", "{17598D3E-4CAD-E305-DED6-1FF1F949F4A2}"
EndProject
Project("{FAE04EC0-301F-11D3-BF4B-00C04F79EFBC}") = "CryptoJackpot.Identity.Domain", "Microservices\Identity\Domain\CryptoJackpot.Identity.Domain.csproj", "{3B9980DA-3D6A-45D2-A46A-10549426DB4F}"
EndProject
Project("{2150E333-8FDC-42A3-9474-1A3956D46DE8}") = "Data", "Data", "{71463A38-56A8-9D79-3ED9-FF07A36CF415}"
EndProject
Project("{FAE04EC0-301F-11D3-BF4B-00C04F79EFBC}") = "CryptoJackpot.Identity.Data", "Microservices\Identity\Data\CryptoJackpot.Identity.Data.csproj", "{C6E1AD6B-D9A2-40A0-825D-7F5E47896B23}"
EndProject
Project("{2150E333-8FDC-42A3-9474-1A3956D46DE8}") = "Application", "Application", "{65A5421F-95E7-3E24-C8D5-F5DA96C94083}"
EndProject
Project("{FAE04EC0-301F-11D3-BF4B-00C04F79EFBC}") = "CryptoJackpot.Identity.Application", "Microservices\Identity\Application\CryptoJackpot.Identity.Application.csproj", "{347EC2EE-4A2E-452C-B601-EDFD91A29D1A}"
EndProject
Project("{2150E333-8FDC-42A3-9474-1A3956D46DE8}") = "Api", "Api", "{72931B8C-5F7E-39E0-8CFB-ED39B8A25898}"
EndProject
Project("{FAE04EC0-301F-11D3-BF4B-00C04F79EFBC}") = "CryptoJackpot.Identity.Api", "Microservices\Identity\Api\CryptoJackpot.Identity.Api.csproj", "{938CE652-5B8F-45E7-9F15-E14E49CCA289}"
EndProject
Project("{2150E333-8FDC-42A3-9474-1A3956D46DE8}") = "Notification", "Notification", "{0A5DD24C-022C-ED9C-5A32-26D44E9A4B1B}"
EndProject
Project("{2150E333-8FDC-42A3-9474-1A3956D46DE8}") = "Data", "Data", "{406C3C8B-EA4E-B338-0364-BC59DC7ABE44}"
EndProject
Project("{FAE04EC0-301F-11D3-BF4B-00C04F79EFBC}") = "CryptoJackpot.Notification.Data", "Microservices\Notification\Data\CryptoJackpot.Notification.Data.csproj", "{8F9741B6-FD10-4BC1-8C13-DB8F3BE9C265}"
EndProject
Project("{2150E333-8FDC-42A3-9474-1A3956D46DE8}") = "Api", "Api", "{13AC9D67-A42B-83B2-6276-95598B1D8B33}"
EndProject
Project("{FAE04EC0-301F-11D3-BF4B-00C04F79EFBC}") = "CryptoJackpot.Notification.Api", "Microservices\Notification\Api\CryptoJackpot.Notification.Api.csproj", "{E8498EEB-A54E-4157-A62F-F8A09C8FC585}"
EndProject
Project("{2150E333-8FDC-42A3-9474-1A3956D46DE8}") = "Domain", "Domain", "{95DAFE83-B160-D07D-4CEC-BCA8EA9CDD50}"
EndProject
Project("{FAE04EC0-301F-11D3-BF4B-00C04F79EFBC}") = "CryptoJackpot.Notification.Domain", "Microservices\Notification\Domain\CryptoJackpot.Notification.Domain.csproj", "{751E2455-2180-418D-9BDF-8CF21862F48D}"
EndProject
Project("{2150E333-8FDC-42A3-9474-1A3956D46DE8}") = "Application", "Application", "{F85A2E71-3946-865E-4D56-1644A9C6D788}"
EndProject
Project("{FAE04EC0-301F-11D3-BF4B-00C04F79EFBC}") = "CryptoJackpot.Notification.Application", "Microservices\Notification\Application\CryptoJackpot.Notification.Application.csproj", "{32256133-3770-4476-8947-F780DE6FCFB1}"
EndProject
Project("{2150E333-8FDC-42A3-9474-1A3956D46DE8}") = "Lottery", "Lottery", "{5BB1ECC5-EFB6-D0CF-10D8-BB775B49F401}"
EndProject
Project("{2150E333-8FDC-42A3-9474-1A3956D46DE8}") = "Domain", "Domain", "{964D49E9-C328-DD2E-886F-C7F965276E0A}"
EndProject
Project("{FAE04EC0-301F-11D3-BF4B-00C04F79EFBC}") = "CryptoJackpot.Lottery.Domain", "Microservices\Lottery\Domain\CryptoJackpot.Lottery.Domain.csproj", "{78DC9D9B-4C84-4CDD-88CC-CD61FEF5BCB2}"
EndProject
Project("{2150E333-8FDC-42A3-9474-1A3956D46DE8}") = "Data", "Data", "{B96936F9-7BD1-52FC-BC0D-A429F7C6ED15}"
EndProject
Project("{FAE04EC0-301F-11D3-BF4B-00C04F79EFBC}") = "CryptoJackpot.Lottery.Data", "Microservices\Lottery\Data\CryptoJackpot.Lottery.Data.csproj", "{95128882-6734-4FBF-B45E-EEF29BDF47F2}"
EndProject
Project("{2150E333-8FDC-42A3-9474-1A3956D46DE8}") = "Application", "Application", "{36279E0F-8792-F7BB-BE0D-84110041B64E}"
EndProject
Project("{FAE04EC0-301F-11D3-BF4B-00C04F79EFBC}") = "CryptoJackpot.Lottery.Application", "Microservices\Lottery\Application\CryptoJackpot.Lottery.Application.csproj", "{A51D6868-AE5F-4A82-B067-46FBC6FF5E63}"
EndProject
Project("{2150E333-8FDC-42A3-9474-1A3956D46DE8}") = "Api", "Api", "{590F05BE-6B81-BE71-6833-EF28932A716A}"
EndProject
Project("{FAE04EC0-301F-11D3-BF4B-00C04F79EFBC}") = "CryptoJackpot.Lottery.Api", "Microservices\Lottery\Api\CryptoJackpot.Lottery.Api.csproj", "{645E0F98-9D1E-463E-84D3-3186D421025A}"
EndProject
Project("{2150E333-8FDC-42A3-9474-1A3956D46DE8}") = "Order", "Order", "{57100A56-520E-DBBB-C014-D73AA721F2C7}"
EndProject
Project("{2150E333-8FDC-42A3-9474-1A3956D46DE8}") = "Domain", "Domain", "{EE6EEB0D-679A-57AF-B0E0-F231CC96C60E}"
EndProject
Project("{FAE04EC0-301F-11D3-BF4B-00C04F79EFBC}") = "CryptoJackpot.Order.Domain", "Microservices\Order\Domain\CryptoJackpot.Order.Domain.csproj", "{542353A6-8DE0-4293-8A03-BBF2C789EEE2}"
EndProject
Project("{2150E333-8FDC-42A3-9474-1A3956D46DE8}") = "Data", "Data", "{70EDCF92-BA4A-EAD0-B0CD-D24575F3B4DE}"
EndProject
Project("{FAE04EC0-301F-11D3-BF4B-00C04F79EFBC}") = "CryptoJackpot.Order.Data", "Microservices\Order\Data\CryptoJackpot.Order.Data.csproj", "{0C0E2811-65E7-45D7-B786-F88C6939D84B}"
EndProject
Project("{2150E333-8FDC-42A3-9474-1A3956D46DE8}") = "Application", "Application", "{FD05BCBF-2DA5-A1BD-97CB-55B01F997358}"
EndProject
Project("{FAE04EC0-301F-11D3-BF4B-00C04F79EFBC}") = "CryptoJackpot.Order.Application", "Microservices\Order\Application\CryptoJackpot.Order.Application.csproj", "{A384FCA1-2D70-419B-91C0-B3D77DF1896E}"
EndProject
Project("{2150E333-8FDC-42A3-9474-1A3956D46DE8}") = "Api", "Api", "{C622B0AC-E5CE-DDA4-15F1-EBD14332C554}"
EndProject
Project("{FAE04EC0-301F-11D3-BF4B-00C04F79EFBC}") = "CryptoJackpot.Order.Api", "Microservices\Order\Api\CryptoJackpot.Order.Api.csproj", "{674E0880-FACF-4F33-B384-2A41B1D5F6D6}"
EndProject
Project("{2150E333-8FDC-42A3-9474-1A3956D46DE8}") = "Winner", "Winner", "{C54AFCBC-F20B-B003-E8E4-C768B9BBC67B}"
EndProject
Project("{2150E333-8FDC-42A3-9474-1A3956D46DE8}") = "Domain", "Domain", "{BF7276A8-FAFD-FCCC-DA50-F59CE704151F}"
EndProject
Project("{FAE04EC0-301F-11D3-BF4B-00C04F79EFBC}") = "CryptoJackpot.Winner.Domain", "Microservices\Winner\Domain\CryptoJackpot.Winner.Domain.csproj", "{E5C9EF32-266F-465B-B7E0-47BB08E21E2D}"
EndProject
Project("{2150E333-8FDC-42A3-9474-1A3956D46DE8}") = "Data", "Data", "{FA1A1F17-15A6-3C3A-5FA9-1239825923F3}"
EndProject
Project("{FAE04EC0-301F-11D3-BF4B-00C04F79EFBC}") = "CryptoJackpot.Winner.Data", "Microservices\Winner\Data\CryptoJackpot.Winner.Data.csproj", "{A1DDE43C-6E47-44B7-9BE6-4EFBA6C4B32A}"
EndProject
Project("{2150E333-8FDC-42A3-9474-1A3956D46DE8}") = "Application", "Application", "{43A3661F-D107-C2FB-AD51-916ACE2430F4}"
EndProject
Project("{FAE04EC0-301F-11D3-BF4B-00C04F79EFBC}") = "CryptoJackpot.Winner.Application", "Microservices\Winner\Application\CryptoJackpot.Winner.Application.csproj", "{73536FB5-E578-41CD-BBC2-26E6A36710B0}"
EndProject
Project("{2150E333-8FDC-42A3-9474-1A3956D46DE8}") = "Api", "Api", "{E6C8BE20-90E1-FBFC-7F9E-B6C5A12C88AD}"
EndProject
Project("{FAE04EC0-301F-11D3-BF4B-00C04F79EFBC}") = "CryptoJackpot.Winner.Api", "Microservices\Winner\Api\CryptoJackpot.Winner.Api.csproj", "{68D97E47-0C03-4A71-939F-D193CAE7DF69}"
EndProject
Project("{2150E333-8FDC-42A3-9474-1A3956D46DE8}") = "Wallet", "Wallet", "{0FBFBE9C-FD1F-0E9F-7F5D-58EBFFBBE36B}"
EndProject
Project("{2150E333-8FDC-42A3-9474-1A3956D46DE8}") = "Api", "Api", "{740B2EE4-7A47-E718-8092-95359F28A16F}"
EndProject
Project("{FAE04EC0-301F-11D3-BF4B-00C04F79EFBC}") = "CryptoJackpot.Wallet.Api", "Microservices\Wallet\Api\CryptoJackpot.Wallet.Api.csproj", "{34AE668E-5D3C-40EE-96EA-5EB7E8582148}"
EndProject
Project("{2150E333-8FDC-42A3-9474-1A3956D46DE8}") = "Infra.IoC", "Infra.IoC", "{AA520303-3789-4B77-BA25-9FF3A4252A2C}"
EndProject
Project("{FAE04EC0-301F-11D3-BF4B-00C04F79EFBC}") = "CryptoJackpot.Lottery.Infra.IoC", "Microservices\Lottery\CryptoJackpot.Lottery.Infra.IoC\CryptoJackpot.Lottery.Infra.IoC.csproj", "{A3A48100-4B89-4713-B7FF-56C4EE965EC2}"
EndProject
Project("{2150E333-8FDC-42A3-9474-1A3956D46DE8}") = "Infra.IoC", "Infra.IoC", "{8AE2727D-0F6F-456D-85C5-8A65A93D8263}"
EndProject
Project("{FAE04EC0-301F-11D3-BF4B-00C04F79EFBC}") = "CryptoJackpot.Identity.Infra.IoC", "Microservices\Identity\CryptoJackpot.Identity.Infra.IoC\CryptoJackpot.Identity.Infra.IoC.csproj", "{90356A11-690A-4B90-BF50-C5EF51F81E11}"
EndProject
Project("{2150E333-8FDC-42A3-9474-1A3956D46DE8}") = "Infra.IoC", "Infra.IoC", "{E9EE9095-4892-4CCC-A01C-B156D58B11E3}"
EndProject
Project("{FAE04EC0-301F-11D3-BF4B-00C04F79EFBC}") = "CryptoJackpot.Order.Infra.IoC", "Microservices\Order\CryptoJackpot.Order.Infra.IoC\CryptoJackpot.Order.Infra.IoC.csproj", "{8D767A98-55CD-4230-82B8-A874B32A2BFF}"
EndProject
Project("{2150E333-8FDC-42A3-9474-1A3956D46DE8}") = "Infra.IoC", "Infra.IoC", "{9E6641B1-C58B-4D46-B89D-FA8B4A361010}"
EndProject
Project("{FAE04EC0-301F-11D3-BF4B-00C04F79EFBC}") = "CryptoJackpot.Notification.Infra.IoC", "Microservices\Notification\CryptoJackpot.Notification.Infra.IoC\CryptoJackpot.Notification.Infra.IoC.csproj", "{B591014D-9004-49EC-ACDF-EDC056376400}"
EndProject
Project("{2150E333-8FDC-42A3-9474-1A3956D46DE8}") = "Domain", "Domain", "{657D8C65-E43C-05C8-3223-DCCB907561D8}"
EndProject
Project("{FAE04EC0-301F-11D3-BF4B-00C04F79EFBC}") = "CryptoJackpot.Wallet.Domain", "Microservices\Wallet\Domain\CryptoJackpot.Wallet.Domain.csproj", "{38D59978-0B58-438F-991F-BFA41F14F9C1}"
EndProject
Project("{2150E333-8FDC-42A3-9474-1A3956D46DE8}") = "Data", "Data", "{F6A5D50E-A25C-D223-0EE9-6BE9687FBBA9}"
EndProject
Project("{FAE04EC0-301F-11D3-BF4B-00C04F79EFBC}") = "CryptoJackpot.Wallet.Data", "Microservices\Wallet\Data\CryptoJackpot.Wallet.Data.csproj", "{530ECCB1-3C2F-4FD8-8279-3672F5585712}"
EndProject
Project("{2150E333-8FDC-42A3-9474-1A3956D46DE8}") = "Application", "Application", "{E456E29F-476A-9674-CBD9-26A22F2433F6}"
EndProject
Project("{FAE04EC0-301F-11D3-BF4B-00C04F79EFBC}") = "CryptoJackpot.Wallet.Application", "Microservices\Wallet\Application\CryptoJackpot.Wallet.Application.csproj", "{041DB1D4-FD58-4726-B1E6-B2C6FC795AD7}"
EndProject
Project("{2150E333-8FDC-42A3-9474-1A3956D46DE8}") = "Infra.IoC", "Infra.IoC", "{301A0E17-3BA5-40E0-81F2-841874257B09}"
EndProject
Project("{FAE04EC0-301F-11D3-BF4B-00C04F79EFBC}") = "CryptoJackpot.Wallet.Infra.IoC", "Microservices\Wallet\CryptoJackpot.Wallet.Infra.IoC\CryptoJackpot.Wallet.Infra.IoC.csproj", "{CAAB62B4-622B-4F30-8B86-C3C99627E066}"
EndProject
Project("{2150E333-8FDC-42A3-9474-1A3956D46DE8}") = "k8s", "k8s", "{A1B2C3D4-E5F6-4A5B-8C9D-1E2F3A4B5C6D}"
	ProjectSection(SolutionItems) = preProject
		Infrastructure\k8s\README.md = Infrastructure\k8s\README.md
	EndProjectSection
EndProject
Project("{2150E333-8FDC-42A3-9474-1A3956D46DE8}") = "local", "local", "{F1E2D3C4-B5A6-4C5D-9E8F-1A2B3C4D5E6F}"
	ProjectSection(SolutionItems) = preProject
		Infrastructure\k8s\local\README.md = Infrastructure\k8s\local\README.md
		Infrastructure\k8s\local\configmap.yaml = Infrastructure\k8s\local\configmap.yaml
		Infrastructure\k8s\local\namespace.yaml = Infrastructure\k8s\local\namespace.yaml
		Infrastructure\k8s\local\kind-config.yaml = Infrastructure\k8s\local\kind-config.yaml
		Infrastructure\k8s\local\dev-k8s.ps1 = Infrastructure\k8s\local\dev-k8s.ps1
		Infrastructure\k8s\local\setup-local-k8s.ps1 = Infrastructure\k8s\local\setup-local-k8s.ps1
	EndProjectSection
EndProject
Project("{2150E333-8FDC-42A3-9474-1A3956D46DE8}") = "ingress", "ingress", "{11111111-1111-1111-1111-111111111111}"
	ProjectSection(SolutionItems) = preProject
		Infrastructure\k8s\local\ingress\api-ingress.yaml = Infrastructure\k8s\local\ingress\api-ingress.yaml
		Infrastructure\k8s\local\ingress\tools-ingress.yaml = Infrastructure\k8s\local\ingress\tools-ingress.yaml
	EndProjectSection
EndProject
Project("{2150E333-8FDC-42A3-9474-1A3956D46DE8}") = "microservices", "microservices", "{11111111-1111-1111-1111-111111111112}"
EndProject
Project("{2150E333-8FDC-42A3-9474-1A3956D46DE8}") = "identity", "identity", "{11111111-1111-1111-1111-111111111113}"
	ProjectSection(SolutionItems) = preProject
		Infrastructure\k8s\local\microservices\identity\deployment.yaml = Infrastructure\k8s\local\microservices\identity\deployment.yaml
	EndProjectSection
EndProject
Project("{2150E333-8FDC-42A3-9474-1A3956D46DE8}") = "lottery", "lottery", "{11111111-1111-1111-1111-111111111114}"
	ProjectSection(SolutionItems) = preProject
		Infrastructure\k8s\local\microservices\lottery\deployment.yaml = Infrastructure\k8s\local\microservices\lottery\deployment.yaml
	EndProjectSection
EndProject
Project("{2150E333-8FDC-42A3-9474-1A3956D46DE8}") = "notification", "notification", "{11111111-1111-1111-1111-111111111115}"
	ProjectSection(SolutionItems) = preProject
		Infrastructure\k8s\local\microservices\notification\deployment.yaml = Infrastructure\k8s\local\microservices\notification\deployment.yaml
	EndProjectSection
EndProject
Project("{2150E333-8FDC-42A3-9474-1A3956D46DE8}") = "order", "order", "{11111111-1111-1111-1111-111111111116}"
	ProjectSection(SolutionItems) = preProject
		Infrastructure\k8s\local\microservices\order\deployment.yaml = Infrastructure\k8s\local\microservices\order\deployment.yaml
	EndProjectSection
EndProject
Project("{2150E333-8FDC-42A3-9474-1A3956D46DE8}") = "wallet", "wallet", "{11111111-1111-1111-1111-111111111117}"
	ProjectSection(SolutionItems) = preProject
		Infrastructure\k8s\local\microservices\wallet\deployment.yaml = Infrastructure\k8s\local\microservices\wallet\deployment.yaml
	EndProjectSection
EndProject
Project("{2150E333-8FDC-42A3-9474-1A3956D46DE8}") = "winner", "winner", "{11111111-1111-1111-1111-111111111118}"
	ProjectSection(SolutionItems) = preProject
		Infrastructure\k8s\local\microservices\winner\deployment.yaml = Infrastructure\k8s\local\microservices\winner\deployment.yaml
	EndProjectSection
EndProject
Project("{2150E333-8FDC-42A3-9474-1A3956D46DE8}") = "minio", "minio", "{11111111-1111-1111-1111-111111111119}"
	ProjectSection(SolutionItems) = preProject
		Infrastructure\k8s\local\minio\minio-bucket-job.yaml = Infrastructure\k8s\local\minio\minio-bucket-job.yaml
		Infrastructure\k8s\local\minio\minio-deployment.yaml = Infrastructure\k8s\local\minio\minio-deployment.yaml
		Infrastructure\k8s\local\minio\minio-service.yaml = Infrastructure\k8s\local\minio\minio-service.yaml
	EndProjectSection
EndProject
Project("{2150E333-8FDC-42A3-9474-1A3956D46DE8}") = "postgres", "postgres", "{11111111-1111-1111-1111-11111111111A}"
	ProjectSection(SolutionItems) = preProject
		Infrastructure\k8s\local\postgres\postgres-configmap.yaml = Infrastructure\k8s\local\postgres\postgres-configmap.yaml
		Infrastructure\k8s\local\postgres\postgres-service.yaml = Infrastructure\k8s\local\postgres\postgres-service.yaml
		Infrastructure\k8s\local\postgres\postgres-statefulset.yaml = Infrastructure\k8s\local\postgres\postgres-statefulset.yaml
	EndProjectSection
EndProject
Project("{2150E333-8FDC-42A3-9474-1A3956D46DE8}") = "redpanda", "redpanda", "{11111111-1111-1111-1111-11111111111B}"
	ProjectSection(SolutionItems) = preProject
		Infrastructure\k8s\local\redpanda\kafka-topics-job.yaml = Infrastructure\k8s\local\redpanda\kafka-topics-job.yaml
		Infrastructure\k8s\local\redpanda\redpanda-console-deployment.yaml = Infrastructure\k8s\local\redpanda\redpanda-console-deployment.yaml
		Infrastructure\k8s\local\redpanda\redpanda-console-service.yaml = Infrastructure\k8s\local\redpanda\redpanda-console-service.yaml
		Infrastructure\k8s\local\redpanda\redpanda-service.yaml = Infrastructure\k8s\local\redpanda\redpanda-service.yaml
		Infrastructure\k8s\local\redpanda\redpanda-statefulset.yaml = Infrastructure\k8s\local\redpanda\redpanda-statefulset.yaml
	EndProjectSection
EndProject
Project("{2150E333-8FDC-42A3-9474-1A3956D46DE8}") = "secrets", "secrets", "{11111111-1111-1111-1111-11111111111C}"
	ProjectSection(SolutionItems) = preProject
		Infrastructure\k8s\local\secrets\brevo-secrets.yaml = Infrastructure\k8s\local\secrets\brevo-secrets.yaml
		Infrastructure\k8s\local\secrets\brevo-secrets.yaml.example = Infrastructure\k8s\local\secrets\brevo-secrets.yaml.example
		Infrastructure\k8s\local\secrets\jwt-secrets.yaml = Infrastructure\k8s\local\secrets\jwt-secrets.yaml
		Infrastructure\k8s\local\secrets\kafka-secrets.yaml = Infrastructure\k8s\local\secrets\kafka-secrets.yaml
		Infrastructure\k8s\local\secrets\postgres-secrets.yaml = Infrastructure\k8s\local\secrets\postgres-secrets.yaml
		Infrastructure\k8s\local\secrets\redpanda-secrets.yaml = Infrastructure\k8s\local\secrets\redpanda-secrets.yaml
		Infrastructure\k8s\local\secrets\spaces-secrets.yaml = Infrastructure\k8s\local\secrets\spaces-secrets.yaml
	EndProjectSection
EndProject
Project("{2150E333-8FDC-42A3-9474-1A3956D46DE8}") = "prod", "prod", "{A2B3C4D5-E6F7-5D6E-0F1A-2B3C4D5E6F7A}"
	ProjectSection(SolutionItems) = preProject
		Infrastructure\k8s\prod\README.md = Infrastructure\k8s\prod\README.md
	EndProjectSection
EndProject
Project("{2150E333-8FDC-42A3-9474-1A3956D46DE8}") = "base", "base", "{22222222-2222-2222-2222-222222222221}"
	ProjectSection(SolutionItems) = preProject
		Infrastructure\k8s\prod\base\configmap.yaml = Infrastructure\k8s\prod\base\configmap.yaml
		Infrastructure\k8s\prod\base\namespace.yaml = Infrastructure\k8s\prod\base\namespace.yaml
		Infrastructure\k8s\prod\base\secrets.yaml = Infrastructure\k8s\prod\base\secrets.yaml
	EndProjectSection
EndProject
Project("{2150E333-8FDC-42A3-9474-1A3956D46DE8}") = "databases", "databases", "{22222222-2222-2222-2222-222222222222}"
	ProjectSection(SolutionItems) = preProject
		Infrastructure\k8s\prod\databases\init-databases.sql = Infrastructure\k8s\prod\databases\init-databases.sql
	EndProjectSection
EndProject
Project("{2150E333-8FDC-42A3-9474-1A3956D46DE8}") = "ingress", "ingress", "{22222222-2222-2222-2222-222222222223}"
	ProjectSection(SolutionItems) = preProject
		Infrastructure\k8s\prod\ingress\ingress.yaml = Infrastructure\k8s\prod\ingress\ingress.yaml
		Infrastructure\k8s\prod\ingress\namespace.yaml = Infrastructure\k8s\prod\ingress\namespace.yaml
	EndProjectSection
EndProject
Project("{2150E333-8FDC-42A3-9474-1A3956D46DE8}") = "kafka", "kafka", "{22222222-2222-2222-2222-222222222224}"
	ProjectSection(SolutionItems) = preProject
		Infrastructure\k8s\prod\kafka\redpanda.yaml = Infrastructure\k8s\prod\kafka\redpanda.yaml
	EndProjectSection
EndProject
Project("{2150E333-8FDC-42A3-9474-1A3956D46DE8}") = "microservices", "microservices", "{22222222-2222-2222-2222-222222222225}"
EndProject
Project("{2150E333-8FDC-42A3-9474-1A3956D46DE8}") = "identity", "identity", "{22222222-2222-2222-2222-222222222226}"
	ProjectSection(SolutionItems) = preProject
		Infrastructure\k8s\prod\microservices\identity\deployment.yaml = Infrastructure\k8s\prod\microservices\identity\deployment.yaml
	EndProjectSection
EndProject
Project("{2150E333-8FDC-42A3-9474-1A3956D46DE8}") = "lottery", "lottery", "{22222222-2222-2222-2222-222222222227}"
	ProjectSection(SolutionItems) = preProject
		Infrastructure\k8s\prod\microservices\lottery\deployment.yaml = Infrastructure\k8s\prod\microservices\lottery\deployment.yaml
	EndProjectSection
EndProject
Project("{2150E333-8FDC-42A3-9474-1A3956D46DE8}") = "notification", "notification", "{22222222-2222-2222-2222-222222222228}"
	ProjectSection(SolutionItems) = preProject
		Infrastructure\k8s\prod\microservices\notification\deployment.yaml = Infrastructure\k8s\prod\microservices\notification\deployment.yaml
	EndProjectSection
EndProject
Project("{2150E333-8FDC-42A3-9474-1A3956D46DE8}") = "order", "order", "{22222222-2222-2222-2222-222222222229}"
	ProjectSection(SolutionItems) = preProject
		Infrastructure\k8s\prod\microservices\order\deployment.yaml = Infrastructure\k8s\prod\microservices\order\deployment.yaml
	EndProjectSection
EndProject
Project("{2150E333-8FDC-42A3-9474-1A3956D46DE8}") = "wallet", "wallet", "{22222222-2222-2222-2222-22222222222A}"
	ProjectSection(SolutionItems) = preProject
		Infrastructure\k8s\prod\microservices\wallet\deployment.yaml = Infrastructure\k8s\prod\microservices\wallet\deployment.yaml
	EndProjectSection
EndProject
Project("{2150E333-8FDC-42A3-9474-1A3956D46DE8}") = "winner", "winner", "{22222222-2222-2222-2222-22222222222B}"
	ProjectSection(SolutionItems) = preProject
		Infrastructure\k8s\prod\microservices\winner\deployment.yaml = Infrastructure\k8s\prod\microservices\winner\deployment.yaml
	EndProjectSection
EndProject
Project("{2150E333-8FDC-42A3-9474-1A3956D46DE8}") = "network", "network", "{22222222-2222-2222-2222-22222222222C}"
	ProjectSection(SolutionItems) = preProject
		Infrastructure\k8s\prod\network\network-policies.yaml = Infrastructure\k8s\prod\network\network-policies.yaml
	EndProjectSection
EndProject
Project("{2150E333-8FDC-42A3-9474-1A3956D46DE8}") = "Infrastructure", "Infrastructure", "{AAAAAAAA-BBBB-CCCC-DDDD-EEEEEEEEEEEE}"
EndProject
Project("{2150E333-8FDC-42A3-9474-1A3956D46DE8}") = "docs", "docs", "{B2C3D4E5-F6A7-5B6C-9D0E-2F3A4B5C6D7E}"
	ProjectSection(SolutionItems) = preProject
		Infrastructure\docs\diagrama_websocket_eventos.md = Infrastructure\docs\diagrama_websocket_eventos.md
		Infrastructure\docs\marketing_lottery_saga_flow.md = Infrastructure\docs\marketing_lottery_saga_flow.md
	EndProjectSection
EndProject
Project("{2150E333-8FDC-42A3-9474-1A3956D46DE8}") = "docker", "docker", "{C3D4E5F6-A7B8-6C7D-0E1F-3A4B5C6D7E8F}"
	ProjectSection(SolutionItems) = preProject
		docker-compose.yaml = docker-compose.yaml
		docker-compose.infra.yaml = docker-compose.infra.yaml
	EndProjectSection
EndProject
Project("{2150E333-8FDC-42A3-9474-1A3956D46DE8}") = "nginx", "nginx", "{B3C4D5E6-F7A8-6D7E-1F2A-3B4C5D6E7F8A}"
	ProjectSection(SolutionItems) = preProject
		Infrastructure\docker\nginx\nginx.conf = Infrastructure\docker\nginx\nginx.conf
		Infrastructure\docker\nginx\cors.conf = Infrastructure\docker\nginx\cors.conf
		Infrastructure\docker\nginx\proxy.conf = Infrastructure\docker\nginx\proxy.conf
	EndProjectSection
EndProject
Project("{2150E333-8FDC-42A3-9474-1A3956D46DE8}") = "postgres", "postgres", "{C4D5E6F7-A8B9-7E8F-2A3B-4C5D6E7F8A9B}"
	ProjectSection(SolutionItems) = preProject
		Infrastructure\docker\postgres\init-multiple-dbs.sh = Infrastructure\docker\postgres\init-multiple-dbs.sh
	EndProjectSection
EndProject
Project("{2150E333-8FDC-42A3-9474-1A3956D46DE8}") = "terraform", "terraform", "{D4E5F6A7-B8C9-7D8E-1F2A-4B5C6D7E8F9A}"
	ProjectSection(SolutionItems) = preProject
		Infrastructure\terraform\README.md = Infrastructure\terraform\README.md
		Infrastructure\terraform\main.tf = Infrastructure\terraform\main.tf
		Infrastructure\terraform\variables.tf = Infrastructure\terraform\variables.tf
		Infrastructure\terraform\outputs.tf = Infrastructure\terraform\outputs.tf
		Infrastructure\terraform\providers.tf = Infrastructure\terraform\providers.tf
		Infrastructure\terraform\versions.tf = Infrastructure\terraform\versions.tf
		Infrastructure\terraform\terraform.tfvars.example = Infrastructure\terraform\terraform.tfvars.example
		Infrastructure\terraform\CLOUDFLARE_SETUP.md = Infrastructure\terraform\CLOUDFLARE_SETUP.md
	EndProjectSection
EndProject
Project("{2150E333-8FDC-42A3-9474-1A3956D46DE8}") = "environments", "environments", "{33333333-3333-3333-3333-333333333331}"
	ProjectSection(SolutionItems) = preProject
		Infrastructure\terraform\environments\dev.tfvars = Infrastructure\terraform\environments\dev.tfvars
		Infrastructure\terraform\environments\prod.tfvars = Infrastructure\terraform\environments\prod.tfvars
	EndProjectSection
EndProject
Project("{2150E333-8FDC-42A3-9474-1A3956D46DE8}") = "modules", "modules", "{33333333-3333-3333-3333-333333333332}"
EndProject
Project("{2150E333-8FDC-42A3-9474-1A3956D46DE8}") = "database", "database", "{33333333-3333-3333-3333-333333333333}"
	ProjectSection(SolutionItems) = preProject
		Infrastructure\terraform\modules\database\main.tf = Infrastructure\terraform\modules\database\main.tf
		Infrastructure\terraform\modules\database\outputs.tf = Infrastructure\terraform\modules\database\outputs.tf
		Infrastructure\terraform\modules\database\variables.tf = Infrastructure\terraform\modules\database\variables.tf
		Infrastructure\terraform\modules\database\versions.tf = Infrastructure\terraform\modules\database\versions.tf
	EndProjectSection
EndProject
Project("{2150E333-8FDC-42A3-9474-1A3956D46DE8}") = "docr", "docr", "{33333333-3333-3333-3333-333333333334}"
	ProjectSection(SolutionItems) = preProject
		Infrastructure\terraform\modules\docr\main.tf = Infrastructure\terraform\modules\docr\main.tf
		Infrastructure\terraform\modules\docr\outputs.tf = Infrastructure\terraform\modules\docr\outputs.tf
		Infrastructure\terraform\modules\docr\variables.tf = Infrastructure\terraform\modules\docr\variables.tf
		Infrastructure\terraform\modules\docr\versions.tf = Infrastructure\terraform\modules\docr\versions.tf
	EndProjectSection
EndProject
Project("{2150E333-8FDC-42A3-9474-1A3956D46DE8}") = "doks", "doks", "{33333333-3333-3333-3333-333333333335}"
	ProjectSection(SolutionItems) = preProject
		Infrastructure\terraform\modules\doks\main.tf = Infrastructure\terraform\modules\doks\main.tf
		Infrastructure\terraform\modules\doks\outputs.tf = Infrastructure\terraform\modules\doks\outputs.tf
		Infrastructure\terraform\modules\doks\variables.tf = Infrastructure\terraform\modules\doks\variables.tf
		Infrastructure\terraform\modules\doks\versions.tf = Infrastructure\terraform\modules\doks\versions.tf
	EndProjectSection
EndProject
Project("{2150E333-8FDC-42A3-9474-1A3956D46DE8}") = "ingress", "ingress", "{33333333-3333-3333-3333-333333333336}"
	ProjectSection(SolutionItems) = preProject
		Infrastructure\terraform\modules\ingress\main.tf = Infrastructure\terraform\modules\ingress\main.tf
		Infrastructure\terraform\modules\ingress\outputs.tf = Infrastructure\terraform\modules\ingress\outputs.tf
		Infrastructure\terraform\modules\ingress\variables.tf = Infrastructure\terraform\modules\ingress\variables.tf
		Infrastructure\terraform\modules\ingress\versions.tf = Infrastructure\terraform\modules\ingress\versions.tf
	EndProjectSection
EndProject
Project("{2150E333-8FDC-42A3-9474-1A3956D46DE8}") = "secrets", "secrets", "{33333333-3333-3333-3333-333333333337}"
	ProjectSection(SolutionItems) = preProject
		Infrastructure\terraform\modules\secrets\main.tf = Infrastructure\terraform\modules\secrets\main.tf
		Infrastructure\terraform\modules\secrets\outputs.tf = Infrastructure\terraform\modules\secrets\outputs.tf
		Infrastructure\terraform\modules\secrets\variables.tf = Infrastructure\terraform\modules\secrets\variables.tf
	EndProjectSection
EndProject
Project("{2150E333-8FDC-42A3-9474-1A3956D46DE8}") = "spaces", "spaces", "{33333333-3333-3333-3333-333333333338}"
	ProjectSection(SolutionItems) = preProject
		Infrastructure\terraform\modules\spaces\main.tf = Infrastructure\terraform\modules\spaces\main.tf
		Infrastructure\terraform\modules\spaces\outputs.tf = Infrastructure\terraform\modules\spaces\outputs.tf
		Infrastructure\terraform\modules\spaces\variables.tf = Infrastructure\terraform\modules\spaces\variables.tf
		Infrastructure\terraform\modules\spaces\versions.tf = Infrastructure\terraform\modules\spaces\versions.tf
	EndProjectSection
EndProject
Project("{2150E333-8FDC-42A3-9474-1A3956D46DE8}") = "vpc", "vpc", "{33333333-3333-3333-3333-333333333339}"
	ProjectSection(SolutionItems) = preProject
		Infrastructure\terraform\modules\vpc\main.tf = Infrastructure\terraform\modules\vpc\main.tf
		Infrastructure\terraform\modules\vpc\outputs.tf = Infrastructure\terraform\modules\vpc\outputs.tf
		Infrastructure\terraform\modules\vpc\variables.tf = Infrastructure\terraform\modules\vpc\variables.tf
		Infrastructure\terraform\modules\vpc\versions.tf = Infrastructure\terraform\modules\vpc\versions.tf
	EndProjectSection
EndProject
Project("{2150E333-8FDC-42A3-9474-1A3956D46DE8}") = "templates", "templates", "{33333333-3333-3333-3333-33333333333B}"
	ProjectSection(SolutionItems) = preProject
		Infrastructure\terraform\templates\deploy-config.tpl = Infrastructure\terraform\templates\deploy-config.tpl
	EndProjectSection
EndProject
Project("{2150E333-8FDC-42A3-9474-1A3956D46DE8}") = "Audit", "Audit", "{F21F1A8A-B2AE-DC8B-459D-9E38AB30AD9E}"
EndProject
Project("{2150E333-8FDC-42A3-9474-1A3956D46DE8}") = "Domain", "Domain", "{B4257140-E6C4-6961-0D2C-5A224ED9C16F}"
EndProject
Project("{FAE04EC0-301F-11D3-BF4B-00C04F79EFBC}") = "CryptoJackpot.Audit.Domain", "Microservices\Audit\Domain\CryptoJackpot.Audit.Domain.csproj", "{3F925FB1-F0D4-4A10-8587-080D52571379}"
EndProject
Project("{2150E333-8FDC-42A3-9474-1A3956D46DE8}") = "Data", "Data", "{2F3D4BD1-0274-F9C0-9AA3-56A99BC4A407}"
EndProject
Project("{FAE04EC0-301F-11D3-BF4B-00C04F79EFBC}") = "CryptoJackpot.Audit.Data", "Microservices\Audit\Data\CryptoJackpot.Audit.Data.csproj", "{D141C2DE-0A2F-4F2B-86F0-0D3D26A43836}"
EndProject
Project("{2150E333-8FDC-42A3-9474-1A3956D46DE8}") = "Application", "Application", "{9E2F0B17-21A4-9B3A-2E0C-7B516EAF1C82}"
EndProject
Project("{FAE04EC0-301F-11D3-BF4B-00C04F79EFBC}") = "CryptoJackpot.Audit.Application", "Microservices\Audit\Application\CryptoJackpot.Audit.Application.csproj", "{844E0344-3B1A-44F4-84E4-C57FF7E1E3D0}"
EndProject
Project("{2150E333-8FDC-42A3-9474-1A3956D46DE8}") = "Infra.IoC", "Infra.IoC", "{B1449D91-3390-AE86-5F87-E1AB3207DF9C}"
EndProject
Project("{FAE04EC0-301F-11D3-BF4B-00C04F79EFBC}") = "CryptoJackpot.Audit.Infra.IoC", "Microservices\Audit\CryptoJackpot.Audit.Infra.IoC\CryptoJackpot.Audit.Infra.IoC.csproj", "{CB9549D4-4DAA-46B9-A4E5-0DDFDA2936E6}"
EndProject
Project("{2150E333-8FDC-42A3-9474-1A3956D46DE8}") = "Api", "Api", "{6C4A2A6D-D8D6-9F9D-22C3-A1FE8524D3A8}"
EndProject
Project("{FAE04EC0-301F-11D3-BF4B-00C04F79EFBC}") = "CryptoJackpot.Audit.Api", "Microservices\Audit\Api\CryptoJackpot.Audit.Api.csproj", "{5FBF7E97-9D34-489C-8E77-602888D2FA5D}"
EndProject
Global
	GlobalSection(SolutionConfigurationPlatforms) = preSolution
		Debug|Any CPU = Debug|Any CPU
		Debug|x64 = Debug|x64
		Debug|x86 = Debug|x86
		Release|Any CPU = Release|Any CPU
		Release|x64 = Release|x64
		Release|x86 = Release|x86
	EndGlobalSection
	GlobalSection(ProjectConfigurationPlatforms) = postSolution
		{6DC97D04-B8C0-4B48-A4CE-B22B3F4A1C18}.Debug|Any CPU.ActiveCfg = Debug|Any CPU
		{6DC97D04-B8C0-4B48-A4CE-B22B3F4A1C18}.Debug|Any CPU.Build.0 = Debug|Any CPU
		{6DC97D04-B8C0-4B48-A4CE-B22B3F4A1C18}.Debug|x64.ActiveCfg = Debug|Any CPU
		{6DC97D04-B8C0-4B48-A4CE-B22B3F4A1C18}.Debug|x64.Build.0 = Debug|Any CPU
		{6DC97D04-B8C0-4B48-A4CE-B22B3F4A1C18}.Debug|x86.ActiveCfg = Debug|Any CPU
		{6DC97D04-B8C0-4B48-A4CE-B22B3F4A1C18}.Debug|x86.Build.0 = Debug|Any CPU
		{6DC97D04-B8C0-4B48-A4CE-B22B3F4A1C18}.Release|Any CPU.ActiveCfg = Release|Any CPU
		{6DC97D04-B8C0-4B48-A4CE-B22B3F4A1C18}.Release|Any CPU.Build.0 = Release|Any CPU
		{6DC97D04-B8C0-4B48-A4CE-B22B3F4A1C18}.Release|x64.ActiveCfg = Release|Any CPU
		{6DC97D04-B8C0-4B48-A4CE-B22B3F4A1C18}.Release|x64.Build.0 = Release|Any CPU
		{6DC97D04-B8C0-4B48-A4CE-B22B3F4A1C18}.Release|x86.ActiveCfg = Release|Any CPU
		{6DC97D04-B8C0-4B48-A4CE-B22B3F4A1C18}.Release|x86.Build.0 = Release|Any CPU
		{096852BE-0C99-472D-9033-390F5D626167}.Debug|Any CPU.ActiveCfg = Debug|Any CPU
		{096852BE-0C99-472D-9033-390F5D626167}.Debug|Any CPU.Build.0 = Debug|Any CPU
		{096852BE-0C99-472D-9033-390F5D626167}.Debug|x64.ActiveCfg = Debug|Any CPU
		{096852BE-0C99-472D-9033-390F5D626167}.Debug|x64.Build.0 = Debug|Any CPU
		{096852BE-0C99-472D-9033-390F5D626167}.Debug|x86.ActiveCfg = Debug|Any CPU
		{096852BE-0C99-472D-9033-390F5D626167}.Debug|x86.Build.0 = Debug|Any CPU
		{096852BE-0C99-472D-9033-390F5D626167}.Release|Any CPU.ActiveCfg = Release|Any CPU
		{096852BE-0C99-472D-9033-390F5D626167}.Release|Any CPU.Build.0 = Release|Any CPU
		{096852BE-0C99-472D-9033-390F5D626167}.Release|x64.ActiveCfg = Release|Any CPU
		{096852BE-0C99-472D-9033-390F5D626167}.Release|x64.Build.0 = Release|Any CPU
		{096852BE-0C99-472D-9033-390F5D626167}.Release|x86.ActiveCfg = Release|Any CPU
		{096852BE-0C99-472D-9033-390F5D626167}.Release|x86.Build.0 = Release|Any CPU
		{36456811-B51B-4E64-9183-9CDF7C6CE0EB}.Debug|Any CPU.ActiveCfg = Debug|Any CPU
		{36456811-B51B-4E64-9183-9CDF7C6CE0EB}.Debug|Any CPU.Build.0 = Debug|Any CPU
		{36456811-B51B-4E64-9183-9CDF7C6CE0EB}.Debug|x64.ActiveCfg = Debug|Any CPU
		{36456811-B51B-4E64-9183-9CDF7C6CE0EB}.Debug|x64.Build.0 = Debug|Any CPU
		{36456811-B51B-4E64-9183-9CDF7C6CE0EB}.Debug|x86.ActiveCfg = Debug|Any CPU
		{36456811-B51B-4E64-9183-9CDF7C6CE0EB}.Debug|x86.Build.0 = Debug|Any CPU
		{36456811-B51B-4E64-9183-9CDF7C6CE0EB}.Release|Any CPU.ActiveCfg = Release|Any CPU
		{36456811-B51B-4E64-9183-9CDF7C6CE0EB}.Release|Any CPU.Build.0 = Release|Any CPU
		{36456811-B51B-4E64-9183-9CDF7C6CE0EB}.Release|x64.ActiveCfg = Release|Any CPU
		{36456811-B51B-4E64-9183-9CDF7C6CE0EB}.Release|x64.Build.0 = Release|Any CPU
		{36456811-B51B-4E64-9183-9CDF7C6CE0EB}.Release|x86.ActiveCfg = Release|Any CPU
		{36456811-B51B-4E64-9183-9CDF7C6CE0EB}.Release|x86.Build.0 = Release|Any CPU
		{3B9980DA-3D6A-45D2-A46A-10549426DB4F}.Debug|Any CPU.ActiveCfg = Debug|Any CPU
		{3B9980DA-3D6A-45D2-A46A-10549426DB4F}.Debug|Any CPU.Build.0 = Debug|Any CPU
		{3B9980DA-3D6A-45D2-A46A-10549426DB4F}.Debug|x64.ActiveCfg = Debug|Any CPU
		{3B9980DA-3D6A-45D2-A46A-10549426DB4F}.Debug|x64.Build.0 = Debug|Any CPU
		{3B9980DA-3D6A-45D2-A46A-10549426DB4F}.Debug|x86.ActiveCfg = Debug|Any CPU
		{3B9980DA-3D6A-45D2-A46A-10549426DB4F}.Debug|x86.Build.0 = Debug|Any CPU
		{3B9980DA-3D6A-45D2-A46A-10549426DB4F}.Release|Any CPU.ActiveCfg = Release|Any CPU
		{3B9980DA-3D6A-45D2-A46A-10549426DB4F}.Release|Any CPU.Build.0 = Release|Any CPU
		{3B9980DA-3D6A-45D2-A46A-10549426DB4F}.Release|x64.ActiveCfg = Release|Any CPU
		{3B9980DA-3D6A-45D2-A46A-10549426DB4F}.Release|x64.Build.0 = Release|Any CPU
		{3B9980DA-3D6A-45D2-A46A-10549426DB4F}.Release|x86.ActiveCfg = Release|Any CPU
		{3B9980DA-3D6A-45D2-A46A-10549426DB4F}.Release|x86.Build.0 = Release|Any CPU
		{C6E1AD6B-D9A2-40A0-825D-7F5E47896B23}.Debug|Any CPU.ActiveCfg = Debug|Any CPU
		{C6E1AD6B-D9A2-40A0-825D-7F5E47896B23}.Debug|Any CPU.Build.0 = Debug|Any CPU
		{C6E1AD6B-D9A2-40A0-825D-7F5E47896B23}.Debug|x64.ActiveCfg = Debug|Any CPU
		{C6E1AD6B-D9A2-40A0-825D-7F5E47896B23}.Debug|x64.Build.0 = Debug|Any CPU
		{C6E1AD6B-D9A2-40A0-825D-7F5E47896B23}.Debug|x86.ActiveCfg = Debug|Any CPU
		{C6E1AD6B-D9A2-40A0-825D-7F5E47896B23}.Debug|x86.Build.0 = Debug|Any CPU
		{C6E1AD6B-D9A2-40A0-825D-7F5E47896B23}.Release|Any CPU.ActiveCfg = Release|Any CPU
		{C6E1AD6B-D9A2-40A0-825D-7F5E47896B23}.Release|Any CPU.Build.0 = Release|Any CPU
		{C6E1AD6B-D9A2-40A0-825D-7F5E47896B23}.Release|x64.ActiveCfg = Release|Any CPU
		{C6E1AD6B-D9A2-40A0-825D-7F5E47896B23}.Release|x64.Build.0 = Release|Any CPU
		{C6E1AD6B-D9A2-40A0-825D-7F5E47896B23}.Release|x86.ActiveCfg = Release|Any CPU
		{C6E1AD6B-D9A2-40A0-825D-7F5E47896B23}.Release|x86.Build.0 = Release|Any CPU
		{347EC2EE-4A2E-452C-B601-EDFD91A29D1A}.Debug|Any CPU.ActiveCfg = Debug|Any CPU
		{347EC2EE-4A2E-452C-B601-EDFD91A29D1A}.Debug|Any CPU.Build.0 = Debug|Any CPU
		{347EC2EE-4A2E-452C-B601-EDFD91A29D1A}.Debug|x64.ActiveCfg = Debug|Any CPU
		{347EC2EE-4A2E-452C-B601-EDFD91A29D1A}.Debug|x64.Build.0 = Debug|Any CPU
		{347EC2EE-4A2E-452C-B601-EDFD91A29D1A}.Debug|x86.ActiveCfg = Debug|Any CPU
		{347EC2EE-4A2E-452C-B601-EDFD91A29D1A}.Debug|x86.Build.0 = Debug|Any CPU
		{347EC2EE-4A2E-452C-B601-EDFD91A29D1A}.Release|Any CPU.ActiveCfg = Release|Any CPU
		{347EC2EE-4A2E-452C-B601-EDFD91A29D1A}.Release|Any CPU.Build.0 = Release|Any CPU
		{347EC2EE-4A2E-452C-B601-EDFD91A29D1A}.Release|x64.ActiveCfg = Release|Any CPU
		{347EC2EE-4A2E-452C-B601-EDFD91A29D1A}.Release|x64.Build.0 = Release|Any CPU
		{347EC2EE-4A2E-452C-B601-EDFD91A29D1A}.Release|x86.ActiveCfg = Release|Any CPU
		{347EC2EE-4A2E-452C-B601-EDFD91A29D1A}.Release|x86.Build.0 = Release|Any CPU
		{938CE652-5B8F-45E7-9F15-E14E49CCA289}.Debug|Any CPU.ActiveCfg = Debug|Any CPU
		{938CE652-5B8F-45E7-9F15-E14E49CCA289}.Debug|Any CPU.Build.0 = Debug|Any CPU
		{938CE652-5B8F-45E7-9F15-E14E49CCA289}.Debug|x64.ActiveCfg = Debug|Any CPU
		{938CE652-5B8F-45E7-9F15-E14E49CCA289}.Debug|x64.Build.0 = Debug|Any CPU
		{938CE652-5B8F-45E7-9F15-E14E49CCA289}.Debug|x86.ActiveCfg = Debug|Any CPU
		{938CE652-5B8F-45E7-9F15-E14E49CCA289}.Debug|x86.Build.0 = Debug|Any CPU
		{938CE652-5B8F-45E7-9F15-E14E49CCA289}.Release|Any CPU.ActiveCfg = Release|Any CPU
		{938CE652-5B8F-45E7-9F15-E14E49CCA289}.Release|Any CPU.Build.0 = Release|Any CPU
		{938CE652-5B8F-45E7-9F15-E14E49CCA289}.Release|x64.ActiveCfg = Release|Any CPU
		{938CE652-5B8F-45E7-9F15-E14E49CCA289}.Release|x64.Build.0 = Release|Any CPU
		{938CE652-5B8F-45E7-9F15-E14E49CCA289}.Release|x86.ActiveCfg = Release|Any CPU
		{938CE652-5B8F-45E7-9F15-E14E49CCA289}.Release|x86.Build.0 = Release|Any CPU
		{8F9741B6-FD10-4BC1-8C13-DB8F3BE9C265}.Debug|Any CPU.ActiveCfg = Debug|Any CPU
		{8F9741B6-FD10-4BC1-8C13-DB8F3BE9C265}.Debug|Any CPU.Build.0 = Debug|Any CPU
		{8F9741B6-FD10-4BC1-8C13-DB8F3BE9C265}.Debug|x64.ActiveCfg = Debug|Any CPU
		{8F9741B6-FD10-4BC1-8C13-DB8F3BE9C265}.Debug|x64.Build.0 = Debug|Any CPU
		{8F9741B6-FD10-4BC1-8C13-DB8F3BE9C265}.Debug|x86.ActiveCfg = Debug|Any CPU
		{8F9741B6-FD10-4BC1-8C13-DB8F3BE9C265}.Debug|x86.Build.0 = Debug|Any CPU
		{8F9741B6-FD10-4BC1-8C13-DB8F3BE9C265}.Release|Any CPU.ActiveCfg = Release|Any CPU
		{8F9741B6-FD10-4BC1-8C13-DB8F3BE9C265}.Release|Any CPU.Build.0 = Release|Any CPU
		{8F9741B6-FD10-4BC1-8C13-DB8F3BE9C265}.Release|x64.ActiveCfg = Release|Any CPU
		{8F9741B6-FD10-4BC1-8C13-DB8F3BE9C265}.Release|x64.Build.0 = Release|Any CPU
		{8F9741B6-FD10-4BC1-8C13-DB8F3BE9C265}.Release|x86.ActiveCfg = Release|Any CPU
		{8F9741B6-FD10-4BC1-8C13-DB8F3BE9C265}.Release|x86.Build.0 = Release|Any CPU
		{E8498EEB-A54E-4157-A62F-F8A09C8FC585}.Debug|Any CPU.ActiveCfg = Debug|Any CPU
		{E8498EEB-A54E-4157-A62F-F8A09C8FC585}.Debug|Any CPU.Build.0 = Debug|Any CPU
		{E8498EEB-A54E-4157-A62F-F8A09C8FC585}.Debug|x64.ActiveCfg = Debug|Any CPU
		{E8498EEB-A54E-4157-A62F-F8A09C8FC585}.Debug|x64.Build.0 = Debug|Any CPU
		{E8498EEB-A54E-4157-A62F-F8A09C8FC585}.Debug|x86.ActiveCfg = Debug|Any CPU
		{E8498EEB-A54E-4157-A62F-F8A09C8FC585}.Debug|x86.Build.0 = Debug|Any CPU
		{E8498EEB-A54E-4157-A62F-F8A09C8FC585}.Release|Any CPU.ActiveCfg = Release|Any CPU
		{E8498EEB-A54E-4157-A62F-F8A09C8FC585}.Release|Any CPU.Build.0 = Release|Any CPU
		{E8498EEB-A54E-4157-A62F-F8A09C8FC585}.Release|x64.ActiveCfg = Release|Any CPU
		{E8498EEB-A54E-4157-A62F-F8A09C8FC585}.Release|x64.Build.0 = Release|Any CPU
		{E8498EEB-A54E-4157-A62F-F8A09C8FC585}.Release|x86.ActiveCfg = Release|Any CPU
		{E8498EEB-A54E-4157-A62F-F8A09C8FC585}.Release|x86.Build.0 = Release|Any CPU
		{751E2455-2180-418D-9BDF-8CF21862F48D}.Debug|Any CPU.ActiveCfg = Debug|Any CPU
		{751E2455-2180-418D-9BDF-8CF21862F48D}.Debug|Any CPU.Build.0 = Debug|Any CPU
		{751E2455-2180-418D-9BDF-8CF21862F48D}.Debug|x64.ActiveCfg = Debug|Any CPU
		{751E2455-2180-418D-9BDF-8CF21862F48D}.Debug|x64.Build.0 = Debug|Any CPU
		{751E2455-2180-418D-9BDF-8CF21862F48D}.Debug|x86.ActiveCfg = Debug|Any CPU
		{751E2455-2180-418D-9BDF-8CF21862F48D}.Debug|x86.Build.0 = Debug|Any CPU
		{751E2455-2180-418D-9BDF-8CF21862F48D}.Release|Any CPU.ActiveCfg = Release|Any CPU
		{751E2455-2180-418D-9BDF-8CF21862F48D}.Release|Any CPU.Build.0 = Release|Any CPU
		{751E2455-2180-418D-9BDF-8CF21862F48D}.Release|x64.ActiveCfg = Release|Any CPU
		{751E2455-2180-418D-9BDF-8CF21862F48D}.Release|x64.Build.0 = Release|Any CPU
		{751E2455-2180-418D-9BDF-8CF21862F48D}.Release|x86.ActiveCfg = Release|Any CPU
		{751E2455-2180-418D-9BDF-8CF21862F48D}.Release|x86.Build.0 = Release|Any CPU
		{32256133-3770-4476-8947-F780DE6FCFB1}.Debug|Any CPU.ActiveCfg = Debug|Any CPU
		{32256133-3770-4476-8947-F780DE6FCFB1}.Debug|Any CPU.Build.0 = Debug|Any CPU
		{32256133-3770-4476-8947-F780DE6FCFB1}.Debug|x64.ActiveCfg = Debug|Any CPU
		{32256133-3770-4476-8947-F780DE6FCFB1}.Debug|x64.Build.0 = Debug|Any CPU
		{32256133-3770-4476-8947-F780DE6FCFB1}.Debug|x86.ActiveCfg = Debug|Any CPU
		{32256133-3770-4476-8947-F780DE6FCFB1}.Debug|x86.Build.0 = Debug|Any CPU
		{32256133-3770-4476-8947-F780DE6FCFB1}.Release|Any CPU.ActiveCfg = Release|Any CPU
		{32256133-3770-4476-8947-F780DE6FCFB1}.Release|Any CPU.Build.0 = Release|Any CPU
		{32256133-3770-4476-8947-F780DE6FCFB1}.Release|x64.ActiveCfg = Release|Any CPU
		{32256133-3770-4476-8947-F780DE6FCFB1}.Release|x64.Build.0 = Release|Any CPU
		{32256133-3770-4476-8947-F780DE6FCFB1}.Release|x86.ActiveCfg = Release|Any CPU
		{32256133-3770-4476-8947-F780DE6FCFB1}.Release|x86.Build.0 = Release|Any CPU
		{78DC9D9B-4C84-4CDD-88CC-CD61FEF5BCB2}.Debug|Any CPU.ActiveCfg = Debug|Any CPU
		{78DC9D9B-4C84-4CDD-88CC-CD61FEF5BCB2}.Debug|Any CPU.Build.0 = Debug|Any CPU
		{78DC9D9B-4C84-4CDD-88CC-CD61FEF5BCB2}.Debug|x64.ActiveCfg = Debug|Any CPU
		{78DC9D9B-4C84-4CDD-88CC-CD61FEF5BCB2}.Debug|x64.Build.0 = Debug|Any CPU
		{78DC9D9B-4C84-4CDD-88CC-CD61FEF5BCB2}.Debug|x86.ActiveCfg = Debug|Any CPU
		{78DC9D9B-4C84-4CDD-88CC-CD61FEF5BCB2}.Debug|x86.Build.0 = Debug|Any CPU
		{78DC9D9B-4C84-4CDD-88CC-CD61FEF5BCB2}.Release|Any CPU.ActiveCfg = Release|Any CPU
		{78DC9D9B-4C84-4CDD-88CC-CD61FEF5BCB2}.Release|Any CPU.Build.0 = Release|Any CPU
		{78DC9D9B-4C84-4CDD-88CC-CD61FEF5BCB2}.Release|x64.ActiveCfg = Release|Any CPU
		{78DC9D9B-4C84-4CDD-88CC-CD61FEF5BCB2}.Release|x64.Build.0 = Release|Any CPU
		{78DC9D9B-4C84-4CDD-88CC-CD61FEF5BCB2}.Release|x86.ActiveCfg = Release|Any CPU
		{78DC9D9B-4C84-4CDD-88CC-CD61FEF5BCB2}.Release|x86.Build.0 = Release|Any CPU
		{95128882-6734-4FBF-B45E-EEF29BDF47F2}.Debug|Any CPU.ActiveCfg = Debug|Any CPU
		{95128882-6734-4FBF-B45E-EEF29BDF47F2}.Debug|Any CPU.Build.0 = Debug|Any CPU
		{95128882-6734-4FBF-B45E-EEF29BDF47F2}.Debug|x64.ActiveCfg = Debug|Any CPU
		{95128882-6734-4FBF-B45E-EEF29BDF47F2}.Debug|x64.Build.0 = Debug|Any CPU
		{95128882-6734-4FBF-B45E-EEF29BDF47F2}.Debug|x86.ActiveCfg = Debug|Any CPU
		{95128882-6734-4FBF-B45E-EEF29BDF47F2}.Debug|x86.Build.0 = Debug|Any CPU
		{95128882-6734-4FBF-B45E-EEF29BDF47F2}.Release|Any CPU.ActiveCfg = Release|Any CPU
		{95128882-6734-4FBF-B45E-EEF29BDF47F2}.Release|Any CPU.Build.0 = Release|Any CPU
		{95128882-6734-4FBF-B45E-EEF29BDF47F2}.Release|x64.ActiveCfg = Release|Any CPU
		{95128882-6734-4FBF-B45E-EEF29BDF47F2}.Release|x64.Build.0 = Release|Any CPU
		{95128882-6734-4FBF-B45E-EEF29BDF47F2}.Release|x86.ActiveCfg = Release|Any CPU
		{95128882-6734-4FBF-B45E-EEF29BDF47F2}.Release|x86.Build.0 = Release|Any CPU
		{A51D6868-AE5F-4A82-B067-46FBC6FF5E63}.Debug|Any CPU.ActiveCfg = Debug|Any CPU
		{A51D6868-AE5F-4A82-B067-46FBC6FF5E63}.Debug|Any CPU.Build.0 = Debug|Any CPU
		{A51D6868-AE5F-4A82-B067-46FBC6FF5E63}.Debug|x64.ActiveCfg = Debug|Any CPU
		{A51D6868-AE5F-4A82-B067-46FBC6FF5E63}.Debug|x64.Build.0 = Debug|Any CPU
		{A51D6868-AE5F-4A82-B067-46FBC6FF5E63}.Debug|x86.ActiveCfg = Debug|Any CPU
		{A51D6868-AE5F-4A82-B067-46FBC6FF5E63}.Debug|x86.Build.0 = Debug|Any CPU
		{A51D6868-AE5F-4A82-B067-46FBC6FF5E63}.Release|Any CPU.ActiveCfg = Release|Any CPU
		{A51D6868-AE5F-4A82-B067-46FBC6FF5E63}.Release|Any CPU.Build.0 = Release|Any CPU
		{A51D6868-AE5F-4A82-B067-46FBC6FF5E63}.Release|x64.ActiveCfg = Release|Any CPU
		{A51D6868-AE5F-4A82-B067-46FBC6FF5E63}.Release|x64.Build.0 = Release|Any CPU
		{A51D6868-AE5F-4A82-B067-46FBC6FF5E63}.Release|x86.ActiveCfg = Release|Any CPU
		{A51D6868-AE5F-4A82-B067-46FBC6FF5E63}.Release|x86.Build.0 = Release|Any CPU
		{645E0F98-9D1E-463E-84D3-3186D421025A}.Debug|Any CPU.ActiveCfg = Debug|Any CPU
		{645E0F98-9D1E-463E-84D3-3186D421025A}.Debug|Any CPU.Build.0 = Debug|Any CPU
		{645E0F98-9D1E-463E-84D3-3186D421025A}.Debug|x64.ActiveCfg = Debug|Any CPU
		{645E0F98-9D1E-463E-84D3-3186D421025A}.Debug|x64.Build.0 = Debug|Any CPU
		{645E0F98-9D1E-463E-84D3-3186D421025A}.Debug|x86.ActiveCfg = Debug|Any CPU
		{645E0F98-9D1E-463E-84D3-3186D421025A}.Debug|x86.Build.0 = Debug|Any CPU
		{645E0F98-9D1E-463E-84D3-3186D421025A}.Release|Any CPU.ActiveCfg = Release|Any CPU
		{645E0F98-9D1E-463E-84D3-3186D421025A}.Release|Any CPU.Build.0 = Release|Any CPU
		{645E0F98-9D1E-463E-84D3-3186D421025A}.Release|x64.ActiveCfg = Release|Any CPU
		{645E0F98-9D1E-463E-84D3-3186D421025A}.Release|x64.Build.0 = Release|Any CPU
		{645E0F98-9D1E-463E-84D3-3186D421025A}.Release|x86.ActiveCfg = Release|Any CPU
		{645E0F98-9D1E-463E-84D3-3186D421025A}.Release|x86.Build.0 = Release|Any CPU
		{542353A6-8DE0-4293-8A03-BBF2C789EEE2}.Debug|Any CPU.ActiveCfg = Debug|Any CPU
		{542353A6-8DE0-4293-8A03-BBF2C789EEE2}.Debug|Any CPU.Build.0 = Debug|Any CPU
		{542353A6-8DE0-4293-8A03-BBF2C789EEE2}.Debug|x64.ActiveCfg = Debug|Any CPU
		{542353A6-8DE0-4293-8A03-BBF2C789EEE2}.Debug|x64.Build.0 = Debug|Any CPU
		{542353A6-8DE0-4293-8A03-BBF2C789EEE2}.Debug|x86.ActiveCfg = Debug|Any CPU
		{542353A6-8DE0-4293-8A03-BBF2C789EEE2}.Debug|x86.Build.0 = Debug|Any CPU
		{542353A6-8DE0-4293-8A03-BBF2C789EEE2}.Release|Any CPU.ActiveCfg = Release|Any CPU
		{542353A6-8DE0-4293-8A03-BBF2C789EEE2}.Release|Any CPU.Build.0 = Release|Any CPU
		{542353A6-8DE0-4293-8A03-BBF2C789EEE2}.Release|x64.ActiveCfg = Release|Any CPU
		{542353A6-8DE0-4293-8A03-BBF2C789EEE2}.Release|x64.Build.0 = Release|Any CPU
		{542353A6-8DE0-4293-8A03-BBF2C789EEE2}.Release|x86.ActiveCfg = Release|Any CPU
		{542353A6-8DE0-4293-8A03-BBF2C789EEE2}.Release|x86.Build.0 = Release|Any CPU
		{0C0E2811-65E7-45D7-B786-F88C6939D84B}.Debug|Any CPU.ActiveCfg = Debug|Any CPU
		{0C0E2811-65E7-45D7-B786-F88C6939D84B}.Debug|Any CPU.Build.0 = Debug|Any CPU
		{0C0E2811-65E7-45D7-B786-F88C6939D84B}.Debug|x64.ActiveCfg = Debug|Any CPU
		{0C0E2811-65E7-45D7-B786-F88C6939D84B}.Debug|x64.Build.0 = Debug|Any CPU
		{0C0E2811-65E7-45D7-B786-F88C6939D84B}.Debug|x86.ActiveCfg = Debug|Any CPU
		{0C0E2811-65E7-45D7-B786-F88C6939D84B}.Debug|x86.Build.0 = Debug|Any CPU
		{0C0E2811-65E7-45D7-B786-F88C6939D84B}.Release|Any CPU.ActiveCfg = Release|Any CPU
		{0C0E2811-65E7-45D7-B786-F88C6939D84B}.Release|Any CPU.Build.0 = Release|Any CPU
		{0C0E2811-65E7-45D7-B786-F88C6939D84B}.Release|x64.ActiveCfg = Release|Any CPU
		{0C0E2811-65E7-45D7-B786-F88C6939D84B}.Release|x64.Build.0 = Release|Any CPU
		{0C0E2811-65E7-45D7-B786-F88C6939D84B}.Release|x86.ActiveCfg = Release|Any CPU
		{0C0E2811-65E7-45D7-B786-F88C6939D84B}.Release|x86.Build.0 = Release|Any CPU
		{A384FCA1-2D70-419B-91C0-B3D77DF1896E}.Debug|Any CPU.ActiveCfg = Debug|Any CPU
		{A384FCA1-2D70-419B-91C0-B3D77DF1896E}.Debug|Any CPU.Build.0 = Debug|Any CPU
		{A384FCA1-2D70-419B-91C0-B3D77DF1896E}.Debug|x64.ActiveCfg = Debug|Any CPU
		{A384FCA1-2D70-419B-91C0-B3D77DF1896E}.Debug|x64.Build.0 = Debug|Any CPU
		{A384FCA1-2D70-419B-91C0-B3D77DF1896E}.Debug|x86.ActiveCfg = Debug|Any CPU
		{A384FCA1-2D70-419B-91C0-B3D77DF1896E}.Debug|x86.Build.0 = Debug|Any CPU
		{A384FCA1-2D70-419B-91C0-B3D77DF1896E}.Release|Any CPU.ActiveCfg = Release|Any CPU
		{A384FCA1-2D70-419B-91C0-B3D77DF1896E}.Release|Any CPU.Build.0 = Release|Any CPU
		{A384FCA1-2D70-419B-91C0-B3D77DF1896E}.Release|x64.ActiveCfg = Release|Any CPU
		{A384FCA1-2D70-419B-91C0-B3D77DF1896E}.Release|x64.Build.0 = Release|Any CPU
		{A384FCA1-2D70-419B-91C0-B3D77DF1896E}.Release|x86.ActiveCfg = Release|Any CPU
		{A384FCA1-2D70-419B-91C0-B3D77DF1896E}.Release|x86.Build.0 = Release|Any CPU
		{674E0880-FACF-4F33-B384-2A41B1D5F6D6}.Debug|Any CPU.ActiveCfg = Debug|Any CPU
		{674E0880-FACF-4F33-B384-2A41B1D5F6D6}.Debug|Any CPU.Build.0 = Debug|Any CPU
		{674E0880-FACF-4F33-B384-2A41B1D5F6D6}.Debug|x64.ActiveCfg = Debug|Any CPU
		{674E0880-FACF-4F33-B384-2A41B1D5F6D6}.Debug|x64.Build.0 = Debug|Any CPU
		{674E0880-FACF-4F33-B384-2A41B1D5F6D6}.Debug|x86.ActiveCfg = Debug|Any CPU
		{674E0880-FACF-4F33-B384-2A41B1D5F6D6}.Debug|x86.Build.0 = Debug|Any CPU
		{674E0880-FACF-4F33-B384-2A41B1D5F6D6}.Release|Any CPU.ActiveCfg = Release|Any CPU
		{674E0880-FACF-4F33-B384-2A41B1D5F6D6}.Release|Any CPU.Build.0 = Release|Any CPU
		{674E0880-FACF-4F33-B384-2A41B1D5F6D6}.Release|x64.ActiveCfg = Release|Any CPU
		{674E0880-FACF-4F33-B384-2A41B1D5F6D6}.Release|x64.Build.0 = Release|Any CPU
		{674E0880-FACF-4F33-B384-2A41B1D5F6D6}.Release|x86.ActiveCfg = Release|Any CPU
		{674E0880-FACF-4F33-B384-2A41B1D5F6D6}.Release|x86.Build.0 = Release|Any CPU
		{E5C9EF32-266F-465B-B7E0-47BB08E21E2D}.Debug|Any CPU.ActiveCfg = Debug|Any CPU
		{E5C9EF32-266F-465B-B7E0-47BB08E21E2D}.Debug|Any CPU.Build.0 = Debug|Any CPU
		{E5C9EF32-266F-465B-B7E0-47BB08E21E2D}.Debug|x64.ActiveCfg = Debug|Any CPU
		{E5C9EF32-266F-465B-B7E0-47BB08E21E2D}.Debug|x64.Build.0 = Debug|Any CPU
		{E5C9EF32-266F-465B-B7E0-47BB08E21E2D}.Debug|x86.ActiveCfg = Debug|Any CPU
		{E5C9EF32-266F-465B-B7E0-47BB08E21E2D}.Debug|x86.Build.0 = Debug|Any CPU
		{E5C9EF32-266F-465B-B7E0-47BB08E21E2D}.Release|Any CPU.ActiveCfg = Release|Any CPU
		{E5C9EF32-266F-465B-B7E0-47BB08E21E2D}.Release|Any CPU.Build.0 = Release|Any CPU
		{E5C9EF32-266F-465B-B7E0-47BB08E21E2D}.Release|x64.ActiveCfg = Release|Any CPU
		{E5C9EF32-266F-465B-B7E0-47BB08E21E2D}.Release|x64.Build.0 = Release|Any CPU
		{E5C9EF32-266F-465B-B7E0-47BB08E21E2D}.Release|x86.ActiveCfg = Release|Any CPU
		{E5C9EF32-266F-465B-B7E0-47BB08E21E2D}.Release|x86.Build.0 = Release|Any CPU
		{A1DDE43C-6E47-44B7-9BE6-4EFBA6C4B32A}.Debug|Any CPU.ActiveCfg = Debug|Any CPU
		{A1DDE43C-6E47-44B7-9BE6-4EFBA6C4B32A}.Debug|Any CPU.Build.0 = Debug|Any CPU
		{A1DDE43C-6E47-44B7-9BE6-4EFBA6C4B32A}.Debug|x64.ActiveCfg = Debug|Any CPU
		{A1DDE43C-6E47-44B7-9BE6-4EFBA6C4B32A}.Debug|x64.Build.0 = Debug|Any CPU
		{A1DDE43C-6E47-44B7-9BE6-4EFBA6C4B32A}.Debug|x86.ActiveCfg = Debug|Any CPU
		{A1DDE43C-6E47-44B7-9BE6-4EFBA6C4B32A}.Debug|x86.Build.0 = Debug|Any CPU
		{A1DDE43C-6E47-44B7-9BE6-4EFBA6C4B32A}.Release|Any CPU.ActiveCfg = Release|Any CPU
		{A1DDE43C-6E47-44B7-9BE6-4EFBA6C4B32A}.Release|Any CPU.Build.0 = Release|Any CPU
		{A1DDE43C-6E47-44B7-9BE6-4EFBA6C4B32A}.Release|x64.ActiveCfg = Release|Any CPU
		{A1DDE43C-6E47-44B7-9BE6-4EFBA6C4B32A}.Release|x64.Build.0 = Release|Any CPU
		{A1DDE43C-6E47-44B7-9BE6-4EFBA6C4B32A}.Release|x86.ActiveCfg = Release|Any CPU
		{A1DDE43C-6E47-44B7-9BE6-4EFBA6C4B32A}.Release|x86.Build.0 = Release|Any CPU
		{73536FB5-E578-41CD-BBC2-26E6A36710B0}.Debug|Any CPU.ActiveCfg = Debug|Any CPU
		{73536FB5-E578-41CD-BBC2-26E6A36710B0}.Debug|Any CPU.Build.0 = Debug|Any CPU
		{73536FB5-E578-41CD-BBC2-26E6A36710B0}.Debug|x64.ActiveCfg = Debug|Any CPU
		{73536FB5-E578-41CD-BBC2-26E6A36710B0}.Debug|x64.Build.0 = Debug|Any CPU
		{73536FB5-E578-41CD-BBC2-26E6A36710B0}.Debug|x86.ActiveCfg = Debug|Any CPU
		{73536FB5-E578-41CD-BBC2-26E6A36710B0}.Debug|x86.Build.0 = Debug|Any CPU
		{73536FB5-E578-41CD-BBC2-26E6A36710B0}.Release|Any CPU.ActiveCfg = Release|Any CPU
		{73536FB5-E578-41CD-BBC2-26E6A36710B0}.Release|Any CPU.Build.0 = Release|Any CPU
		{73536FB5-E578-41CD-BBC2-26E6A36710B0}.Release|x64.ActiveCfg = Release|Any CPU
		{73536FB5-E578-41CD-BBC2-26E6A36710B0}.Release|x64.Build.0 = Release|Any CPU
		{73536FB5-E578-41CD-BBC2-26E6A36710B0}.Release|x86.ActiveCfg = Release|Any CPU
		{73536FB5-E578-41CD-BBC2-26E6A36710B0}.Release|x86.Build.0 = Release|Any CPU
		{68D97E47-0C03-4A71-939F-D193CAE7DF69}.Debug|Any CPU.ActiveCfg = Debug|Any CPU
		{68D97E47-0C03-4A71-939F-D193CAE7DF69}.Debug|Any CPU.Build.0 = Debug|Any CPU
		{68D97E47-0C03-4A71-939F-D193CAE7DF69}.Debug|x64.ActiveCfg = Debug|Any CPU
		{68D97E47-0C03-4A71-939F-D193CAE7DF69}.Debug|x64.Build.0 = Debug|Any CPU
		{68D97E47-0C03-4A71-939F-D193CAE7DF69}.Debug|x86.ActiveCfg = Debug|Any CPU
		{68D97E47-0C03-4A71-939F-D193CAE7DF69}.Debug|x86.Build.0 = Debug|Any CPU
		{68D97E47-0C03-4A71-939F-D193CAE7DF69}.Release|Any CPU.ActiveCfg = Release|Any CPU
		{68D97E47-0C03-4A71-939F-D193CAE7DF69}.Release|Any CPU.Build.0 = Release|Any CPU
		{68D97E47-0C03-4A71-939F-D193CAE7DF69}.Release|x64.ActiveCfg = Release|Any CPU
		{68D97E47-0C03-4A71-939F-D193CAE7DF69}.Release|x64.Build.0 = Release|Any CPU
		{68D97E47-0C03-4A71-939F-D193CAE7DF69}.Release|x86.ActiveCfg = Release|Any CPU
		{68D97E47-0C03-4A71-939F-D193CAE7DF69}.Release|x86.Build.0 = Release|Any CPU
		{34AE668E-5D3C-40EE-96EA-5EB7E8582148}.Debug|Any CPU.ActiveCfg = Debug|Any CPU
		{34AE668E-5D3C-40EE-96EA-5EB7E8582148}.Debug|Any CPU.Build.0 = Debug|Any CPU
		{34AE668E-5D3C-40EE-96EA-5EB7E8582148}.Debug|x64.ActiveCfg = Debug|Any CPU
		{34AE668E-5D3C-40EE-96EA-5EB7E8582148}.Debug|x64.Build.0 = Debug|Any CPU
		{34AE668E-5D3C-40EE-96EA-5EB7E8582148}.Debug|x86.ActiveCfg = Debug|Any CPU
		{34AE668E-5D3C-40EE-96EA-5EB7E8582148}.Debug|x86.Build.0 = Debug|Any CPU
		{34AE668E-5D3C-40EE-96EA-5EB7E8582148}.Release|Any CPU.ActiveCfg = Release|Any CPU
		{34AE668E-5D3C-40EE-96EA-5EB7E8582148}.Release|Any CPU.Build.0 = Release|Any CPU
		{34AE668E-5D3C-40EE-96EA-5EB7E8582148}.Release|x64.ActiveCfg = Release|Any CPU
		{34AE668E-5D3C-40EE-96EA-5EB7E8582148}.Release|x64.Build.0 = Release|Any CPU
		{34AE668E-5D3C-40EE-96EA-5EB7E8582148}.Release|x86.ActiveCfg = Release|Any CPU
		{34AE668E-5D3C-40EE-96EA-5EB7E8582148}.Release|x86.Build.0 = Release|Any CPU
		{A3A48100-4B89-4713-B7FF-56C4EE965EC2}.Debug|Any CPU.ActiveCfg = Debug|Any CPU
		{A3A48100-4B89-4713-B7FF-56C4EE965EC2}.Debug|Any CPU.Build.0 = Debug|Any CPU
		{A3A48100-4B89-4713-B7FF-56C4EE965EC2}.Debug|x64.ActiveCfg = Debug|Any CPU
		{A3A48100-4B89-4713-B7FF-56C4EE965EC2}.Debug|x64.Build.0 = Debug|Any CPU
		{A3A48100-4B89-4713-B7FF-56C4EE965EC2}.Debug|x86.ActiveCfg = Debug|Any CPU
		{A3A48100-4B89-4713-B7FF-56C4EE965EC2}.Debug|x86.Build.0 = Debug|Any CPU
		{A3A48100-4B89-4713-B7FF-56C4EE965EC2}.Release|Any CPU.ActiveCfg = Release|Any CPU
		{A3A48100-4B89-4713-B7FF-56C4EE965EC2}.Release|Any CPU.Build.0 = Release|Any CPU
		{A3A48100-4B89-4713-B7FF-56C4EE965EC2}.Release|x64.ActiveCfg = Release|Any CPU
		{A3A48100-4B89-4713-B7FF-56C4EE965EC2}.Release|x64.Build.0 = Release|Any CPU
		{A3A48100-4B89-4713-B7FF-56C4EE965EC2}.Release|x86.ActiveCfg = Release|Any CPU
		{A3A48100-4B89-4713-B7FF-56C4EE965EC2}.Release|x86.Build.0 = Release|Any CPU
		{90356A11-690A-4B90-BF50-C5EF51F81E11}.Debug|Any CPU.ActiveCfg = Debug|Any CPU
		{90356A11-690A-4B90-BF50-C5EF51F81E11}.Debug|Any CPU.Build.0 = Debug|Any CPU
		{90356A11-690A-4B90-BF50-C5EF51F81E11}.Debug|x64.ActiveCfg = Debug|Any CPU
		{90356A11-690A-4B90-BF50-C5EF51F81E11}.Debug|x64.Build.0 = Debug|Any CPU
		{90356A11-690A-4B90-BF50-C5EF51F81E11}.Debug|x86.ActiveCfg = Debug|Any CPU
		{90356A11-690A-4B90-BF50-C5EF51F81E11}.Debug|x86.Build.0 = Debug|Any CPU
		{90356A11-690A-4B90-BF50-C5EF51F81E11}.Release|Any CPU.ActiveCfg = Release|Any CPU
		{90356A11-690A-4B90-BF50-C5EF51F81E11}.Release|Any CPU.Build.0 = Release|Any CPU
		{90356A11-690A-4B90-BF50-C5EF51F81E11}.Release|x64.ActiveCfg = Release|Any CPU
		{90356A11-690A-4B90-BF50-C5EF51F81E11}.Release|x64.Build.0 = Release|Any CPU
		{90356A11-690A-4B90-BF50-C5EF51F81E11}.Release|x86.ActiveCfg = Release|Any CPU
		{90356A11-690A-4B90-BF50-C5EF51F81E11}.Release|x86.Build.0 = Release|Any CPU
		{8D767A98-55CD-4230-82B8-A874B32A2BFF}.Debug|Any CPU.ActiveCfg = Debug|Any CPU
		{8D767A98-55CD-4230-82B8-A874B32A2BFF}.Debug|Any CPU.Build.0 = Debug|Any CPU
		{8D767A98-55CD-4230-82B8-A874B32A2BFF}.Debug|x64.ActiveCfg = Debug|Any CPU
		{8D767A98-55CD-4230-82B8-A874B32A2BFF}.Debug|x64.Build.0 = Debug|Any CPU
		{8D767A98-55CD-4230-82B8-A874B32A2BFF}.Debug|x86.ActiveCfg = Debug|Any CPU
		{8D767A98-55CD-4230-82B8-A874B32A2BFF}.Debug|x86.Build.0 = Debug|Any CPU
		{8D767A98-55CD-4230-82B8-A874B32A2BFF}.Release|Any CPU.ActiveCfg = Release|Any CPU
		{8D767A98-55CD-4230-82B8-A874B32A2BFF}.Release|Any CPU.Build.0 = Release|Any CPU
		{8D767A98-55CD-4230-82B8-A874B32A2BFF}.Release|x64.ActiveCfg = Release|Any CPU
		{8D767A98-55CD-4230-82B8-A874B32A2BFF}.Release|x64.Build.0 = Release|Any CPU
		{8D767A98-55CD-4230-82B8-A874B32A2BFF}.Release|x86.ActiveCfg = Release|Any CPU
		{8D767A98-55CD-4230-82B8-A874B32A2BFF}.Release|x86.Build.0 = Release|Any CPU
		{B591014D-9004-49EC-ACDF-EDC056376400}.Debug|Any CPU.ActiveCfg = Debug|Any CPU
		{B591014D-9004-49EC-ACDF-EDC056376400}.Debug|Any CPU.Build.0 = Debug|Any CPU
		{B591014D-9004-49EC-ACDF-EDC056376400}.Debug|x64.ActiveCfg = Debug|Any CPU
		{B591014D-9004-49EC-ACDF-EDC056376400}.Debug|x64.Build.0 = Debug|Any CPU
		{B591014D-9004-49EC-ACDF-EDC056376400}.Debug|x86.ActiveCfg = Debug|Any CPU
		{B591014D-9004-49EC-ACDF-EDC056376400}.Debug|x86.Build.0 = Debug|Any CPU
		{B591014D-9004-49EC-ACDF-EDC056376400}.Release|Any CPU.ActiveCfg = Release|Any CPU
		{B591014D-9004-49EC-ACDF-EDC056376400}.Release|Any CPU.Build.0 = Release|Any CPU
		{B591014D-9004-49EC-ACDF-EDC056376400}.Release|x64.ActiveCfg = Release|Any CPU
		{B591014D-9004-49EC-ACDF-EDC056376400}.Release|x64.Build.0 = Release|Any CPU
		{B591014D-9004-49EC-ACDF-EDC056376400}.Release|x86.ActiveCfg = Release|Any CPU
		{B591014D-9004-49EC-ACDF-EDC056376400}.Release|x86.Build.0 = Release|Any CPU
		{38D59978-0B58-438F-991F-BFA41F14F9C1}.Debug|Any CPU.ActiveCfg = Debug|Any CPU
		{38D59978-0B58-438F-991F-BFA41F14F9C1}.Debug|Any CPU.Build.0 = Debug|Any CPU
		{38D59978-0B58-438F-991F-BFA41F14F9C1}.Debug|x64.ActiveCfg = Debug|Any CPU
		{38D59978-0B58-438F-991F-BFA41F14F9C1}.Debug|x64.Build.0 = Debug|Any CPU
		{38D59978-0B58-438F-991F-BFA41F14F9C1}.Debug|x86.ActiveCfg = Debug|Any CPU
		{38D59978-0B58-438F-991F-BFA41F14F9C1}.Debug|x86.Build.0 = Debug|Any CPU
		{38D59978-0B58-438F-991F-BFA41F14F9C1}.Release|Any CPU.ActiveCfg = Release|Any CPU
		{38D59978-0B58-438F-991F-BFA41F14F9C1}.Release|Any CPU.Build.0 = Release|Any CPU
		{38D59978-0B58-438F-991F-BFA41F14F9C1}.Release|x64.ActiveCfg = Release|Any CPU
		{38D59978-0B58-438F-991F-BFA41F14F9C1}.Release|x64.Build.0 = Release|Any CPU
		{38D59978-0B58-438F-991F-BFA41F14F9C1}.Release|x86.ActiveCfg = Release|Any CPU
		{38D59978-0B58-438F-991F-BFA41F14F9C1}.Release|x86.Build.0 = Release|Any CPU
		{530ECCB1-3C2F-4FD8-8279-3672F5585712}.Debug|Any CPU.ActiveCfg = Debug|Any CPU
		{530ECCB1-3C2F-4FD8-8279-3672F5585712}.Debug|Any CPU.Build.0 = Debug|Any CPU
		{530ECCB1-3C2F-4FD8-8279-3672F5585712}.Debug|x64.ActiveCfg = Debug|Any CPU
		{530ECCB1-3C2F-4FD8-8279-3672F5585712}.Debug|x64.Build.0 = Debug|Any CPU
		{530ECCB1-3C2F-4FD8-8279-3672F5585712}.Debug|x86.ActiveCfg = Debug|Any CPU
		{530ECCB1-3C2F-4FD8-8279-3672F5585712}.Debug|x86.Build.0 = Debug|Any CPU
		{530ECCB1-3C2F-4FD8-8279-3672F5585712}.Release|Any CPU.ActiveCfg = Release|Any CPU
		{530ECCB1-3C2F-4FD8-8279-3672F5585712}.Release|Any CPU.Build.0 = Release|Any CPU
		{530ECCB1-3C2F-4FD8-8279-3672F5585712}.Release|x64.ActiveCfg = Release|Any CPU
		{530ECCB1-3C2F-4FD8-8279-3672F5585712}.Release|x64.Build.0 = Release|Any CPU
		{530ECCB1-3C2F-4FD8-8279-3672F5585712}.Release|x86.ActiveCfg = Release|Any CPU
		{530ECCB1-3C2F-4FD8-8279-3672F5585712}.Release|x86.Build.0 = Release|Any CPU
		{041DB1D4-FD58-4726-B1E6-B2C6FC795AD7}.Debug|Any CPU.ActiveCfg = Debug|Any CPU
		{041DB1D4-FD58-4726-B1E6-B2C6FC795AD7}.Debug|Any CPU.Build.0 = Debug|Any CPU
		{041DB1D4-FD58-4726-B1E6-B2C6FC795AD7}.Debug|x64.ActiveCfg = Debug|Any CPU
		{041DB1D4-FD58-4726-B1E6-B2C6FC795AD7}.Debug|x64.Build.0 = Debug|Any CPU
		{041DB1D4-FD58-4726-B1E6-B2C6FC795AD7}.Debug|x86.ActiveCfg = Debug|Any CPU
		{041DB1D4-FD58-4726-B1E6-B2C6FC795AD7}.Debug|x86.Build.0 = Debug|Any CPU
		{041DB1D4-FD58-4726-B1E6-B2C6FC795AD7}.Release|Any CPU.ActiveCfg = Release|Any CPU
		{041DB1D4-FD58-4726-B1E6-B2C6FC795AD7}.Release|Any CPU.Build.0 = Release|Any CPU
		{041DB1D4-FD58-4726-B1E6-B2C6FC795AD7}.Release|x64.ActiveCfg = Release|Any CPU
		{041DB1D4-FD58-4726-B1E6-B2C6FC795AD7}.Release|x64.Build.0 = Release|Any CPU
		{041DB1D4-FD58-4726-B1E6-B2C6FC795AD7}.Release|x86.ActiveCfg = Release|Any CPU
		{041DB1D4-FD58-4726-B1E6-B2C6FC795AD7}.Release|x86.Build.0 = Release|Any CPU
		{CAAB62B4-622B-4F30-8B86-C3C99627E066}.Debug|Any CPU.ActiveCfg = Debug|Any CPU
		{CAAB62B4-622B-4F30-8B86-C3C99627E066}.Debug|Any CPU.Build.0 = Debug|Any CPU
		{CAAB62B4-622B-4F30-8B86-C3C99627E066}.Debug|x64.ActiveCfg = Debug|Any CPU
		{CAAB62B4-622B-4F30-8B86-C3C99627E066}.Debug|x64.Build.0 = Debug|Any CPU
		{CAAB62B4-622B-4F30-8B86-C3C99627E066}.Debug|x86.ActiveCfg = Debug|Any CPU
		{CAAB62B4-622B-4F30-8B86-C3C99627E066}.Debug|x86.Build.0 = Debug|Any CPU
		{CAAB62B4-622B-4F30-8B86-C3C99627E066}.Release|Any CPU.ActiveCfg = Release|Any CPU
		{CAAB62B4-622B-4F30-8B86-C3C99627E066}.Release|Any CPU.Build.0 = Release|Any CPU
		{CAAB62B4-622B-4F30-8B86-C3C99627E066}.Release|x64.ActiveCfg = Release|Any CPU
		{CAAB62B4-622B-4F30-8B86-C3C99627E066}.Release|x64.Build.0 = Release|Any CPU
		{CAAB62B4-622B-4F30-8B86-C3C99627E066}.Release|x86.ActiveCfg = Release|Any CPU
		{CAAB62B4-622B-4F30-8B86-C3C99627E066}.Release|x86.Build.0 = Release|Any CPU
		{3F925FB1-F0D4-4A10-8587-080D52571379}.Debug|Any CPU.ActiveCfg = Debug|Any CPU
		{3F925FB1-F0D4-4A10-8587-080D52571379}.Debug|Any CPU.Build.0 = Debug|Any CPU
		{3F925FB1-F0D4-4A10-8587-080D52571379}.Debug|x64.ActiveCfg = Debug|Any CPU
		{3F925FB1-F0D4-4A10-8587-080D52571379}.Debug|x64.Build.0 = Debug|Any CPU
		{3F925FB1-F0D4-4A10-8587-080D52571379}.Debug|x86.ActiveCfg = Debug|Any CPU
		{3F925FB1-F0D4-4A10-8587-080D52571379}.Debug|x86.Build.0 = Debug|Any CPU
		{3F925FB1-F0D4-4A10-8587-080D52571379}.Release|Any CPU.ActiveCfg = Release|Any CPU
		{3F925FB1-F0D4-4A10-8587-080D52571379}.Release|Any CPU.Build.0 = Release|Any CPU
		{3F925FB1-F0D4-4A10-8587-080D52571379}.Release|x64.ActiveCfg = Release|Any CPU
		{3F925FB1-F0D4-4A10-8587-080D52571379}.Release|x64.Build.0 = Release|Any CPU
		{3F925FB1-F0D4-4A10-8587-080D52571379}.Release|x86.ActiveCfg = Release|Any CPU
		{3F925FB1-F0D4-4A10-8587-080D52571379}.Release|x86.Build.0 = Release|Any CPU
		{D141C2DE-0A2F-4F2B-86F0-0D3D26A43836}.Debug|Any CPU.ActiveCfg = Debug|Any CPU
		{D141C2DE-0A2F-4F2B-86F0-0D3D26A43836}.Debug|Any CPU.Build.0 = Debug|Any CPU
		{D141C2DE-0A2F-4F2B-86F0-0D3D26A43836}.Debug|x64.ActiveCfg = Debug|Any CPU
		{D141C2DE-0A2F-4F2B-86F0-0D3D26A43836}.Debug|x64.Build.0 = Debug|Any CPU
		{D141C2DE-0A2F-4F2B-86F0-0D3D26A43836}.Debug|x86.ActiveCfg = Debug|Any CPU
		{D141C2DE-0A2F-4F2B-86F0-0D3D26A43836}.Debug|x86.Build.0 = Debug|Any CPU
		{D141C2DE-0A2F-4F2B-86F0-0D3D26A43836}.Release|Any CPU.ActiveCfg = Release|Any CPU
		{D141C2DE-0A2F-4F2B-86F0-0D3D26A43836}.Release|Any CPU.Build.0 = Release|Any CPU
		{D141C2DE-0A2F-4F2B-86F0-0D3D26A43836}.Release|x64.ActiveCfg = Release|Any CPU
		{D141C2DE-0A2F-4F2B-86F0-0D3D26A43836}.Release|x64.Build.0 = Release|Any CPU
		{D141C2DE-0A2F-4F2B-86F0-0D3D26A43836}.Release|x86.ActiveCfg = Release|Any CPU
		{D141C2DE-0A2F-4F2B-86F0-0D3D26A43836}.Release|x86.Build.0 = Release|Any CPU
		{844E0344-3B1A-44F4-84E4-C57FF7E1E3D0}.Debug|Any CPU.ActiveCfg = Debug|Any CPU
		{844E0344-3B1A-44F4-84E4-C57FF7E1E3D0}.Debug|Any CPU.Build.0 = Debug|Any CPU
		{844E0344-3B1A-44F4-84E4-C57FF7E1E3D0}.Debug|x64.ActiveCfg = Debug|Any CPU
		{844E0344-3B1A-44F4-84E4-C57FF7E1E3D0}.Debug|x64.Build.0 = Debug|Any CPU
		{844E0344-3B1A-44F4-84E4-C57FF7E1E3D0}.Debug|x86.ActiveCfg = Debug|Any CPU
		{844E0344-3B1A-44F4-84E4-C57FF7E1E3D0}.Debug|x86.Build.0 = Debug|Any CPU
		{844E0344-3B1A-44F4-84E4-C57FF7E1E3D0}.Release|Any CPU.ActiveCfg = Release|Any CPU
		{844E0344-3B1A-44F4-84E4-C57FF7E1E3D0}.Release|Any CPU.Build.0 = Release|Any CPU
		{844E0344-3B1A-44F4-84E4-C57FF7E1E3D0}.Release|x64.ActiveCfg = Release|Any CPU
		{844E0344-3B1A-44F4-84E4-C57FF7E1E3D0}.Release|x64.Build.0 = Release|Any CPU
		{844E0344-3B1A-44F4-84E4-C57FF7E1E3D0}.Release|x86.ActiveCfg = Release|Any CPU
		{844E0344-3B1A-44F4-84E4-C57FF7E1E3D0}.Release|x86.Build.0 = Release|Any CPU
		{CB9549D4-4DAA-46B9-A4E5-0DDFDA2936E6}.Debug|Any CPU.ActiveCfg = Debug|Any CPU
		{CB9549D4-4DAA-46B9-A4E5-0DDFDA2936E6}.Debug|Any CPU.Build.0 = Debug|Any CPU
		{CB9549D4-4DAA-46B9-A4E5-0DDFDA2936E6}.Debug|x64.ActiveCfg = Debug|Any CPU
		{CB9549D4-4DAA-46B9-A4E5-0DDFDA2936E6}.Debug|x64.Build.0 = Debug|Any CPU
		{CB9549D4-4DAA-46B9-A4E5-0DDFDA2936E6}.Debug|x86.ActiveCfg = Debug|Any CPU
		{CB9549D4-4DAA-46B9-A4E5-0DDFDA2936E6}.Debug|x86.Build.0 = Debug|Any CPU
		{CB9549D4-4DAA-46B9-A4E5-0DDFDA2936E6}.Release|Any CPU.ActiveCfg = Release|Any CPU
		{CB9549D4-4DAA-46B9-A4E5-0DDFDA2936E6}.Release|Any CPU.Build.0 = Release|Any CPU
		{CB9549D4-4DAA-46B9-A4E5-0DDFDA2936E6}.Release|x64.ActiveCfg = Release|Any CPU
		{CB9549D4-4DAA-46B9-A4E5-0DDFDA2936E6}.Release|x64.Build.0 = Release|Any CPU
		{CB9549D4-4DAA-46B9-A4E5-0DDFDA2936E6}.Release|x86.ActiveCfg = Release|Any CPU
		{CB9549D4-4DAA-46B9-A4E5-0DDFDA2936E6}.Release|x86.Build.0 = Release|Any CPU
		{5FBF7E97-9D34-489C-8E77-602888D2FA5D}.Debug|Any CPU.ActiveCfg = Debug|Any CPU
		{5FBF7E97-9D34-489C-8E77-602888D2FA5D}.Debug|Any CPU.Build.0 = Debug|Any CPU
		{5FBF7E97-9D34-489C-8E77-602888D2FA5D}.Debug|x64.ActiveCfg = Debug|Any CPU
		{5FBF7E97-9D34-489C-8E77-602888D2FA5D}.Debug|x64.Build.0 = Debug|Any CPU
		{5FBF7E97-9D34-489C-8E77-602888D2FA5D}.Debug|x86.ActiveCfg = Debug|Any CPU
		{5FBF7E97-9D34-489C-8E77-602888D2FA5D}.Debug|x86.Build.0 = Debug|Any CPU
		{5FBF7E97-9D34-489C-8E77-602888D2FA5D}.Release|Any CPU.ActiveCfg = Release|Any CPU
		{5FBF7E97-9D34-489C-8E77-602888D2FA5D}.Release|Any CPU.Build.0 = Release|Any CPU
		{5FBF7E97-9D34-489C-8E77-602888D2FA5D}.Release|x64.ActiveCfg = Release|Any CPU
		{5FBF7E97-9D34-489C-8E77-602888D2FA5D}.Release|x64.Build.0 = Release|Any CPU
		{5FBF7E97-9D34-489C-8E77-602888D2FA5D}.Release|x86.ActiveCfg = Release|Any CPU
		{5FBF7E97-9D34-489C-8E77-602888D2FA5D}.Release|x86.Build.0 = Release|Any CPU
	EndGlobalSection
	GlobalSection(SolutionProperties) = preSolution
		HideSolutionNode = FALSE
	EndGlobalSection
	GlobalSection(NestedProjects) = preSolution
		{6DC97D04-B8C0-4B48-A4CE-B22B3F4A1C18} = {996CEBED-A05B-5D42-3FF0-982E087A2599}
		{096852BE-0C99-472D-9033-390F5D626167} = {E376477C-F828-6C98-EC53-D2FF08090A43}
		{36456811-B51B-4E64-9183-9CDF7C6CE0EB} = {D554D12D-FB77-DBB9-D2C6-6B24B3C2D9EE}
		{81D30253-D957-530F-3512-F8F4B88CAE26} = {8A367DDA-5161-A942-4F09-60E4726C9306}
		{17598D3E-4CAD-E305-DED6-1FF1F949F4A2} = {81D30253-D957-530F-3512-F8F4B88CAE26}
		{3B9980DA-3D6A-45D2-A46A-10549426DB4F} = {17598D3E-4CAD-E305-DED6-1FF1F949F4A2}
		{71463A38-56A8-9D79-3ED9-FF07A36CF415} = {81D30253-D957-530F-3512-F8F4B88CAE26}
		{C6E1AD6B-D9A2-40A0-825D-7F5E47896B23} = {71463A38-56A8-9D79-3ED9-FF07A36CF415}
		{65A5421F-95E7-3E24-C8D5-F5DA96C94083} = {81D30253-D957-530F-3512-F8F4B88CAE26}
		{347EC2EE-4A2E-452C-B601-EDFD91A29D1A} = {65A5421F-95E7-3E24-C8D5-F5DA96C94083}
		{72931B8C-5F7E-39E0-8CFB-ED39B8A25898} = {81D30253-D957-530F-3512-F8F4B88CAE26}
		{938CE652-5B8F-45E7-9F15-E14E49CCA289} = {72931B8C-5F7E-39E0-8CFB-ED39B8A25898}
		{0A5DD24C-022C-ED9C-5A32-26D44E9A4B1B} = {8A367DDA-5161-A942-4F09-60E4726C9306}
		{406C3C8B-EA4E-B338-0364-BC59DC7ABE44} = {0A5DD24C-022C-ED9C-5A32-26D44E9A4B1B}
		{8F9741B6-FD10-4BC1-8C13-DB8F3BE9C265} = {406C3C8B-EA4E-B338-0364-BC59DC7ABE44}
		{13AC9D67-A42B-83B2-6276-95598B1D8B33} = {0A5DD24C-022C-ED9C-5A32-26D44E9A4B1B}
		{E8498EEB-A54E-4157-A62F-F8A09C8FC585} = {13AC9D67-A42B-83B2-6276-95598B1D8B33}
		{95DAFE83-B160-D07D-4CEC-BCA8EA9CDD50} = {0A5DD24C-022C-ED9C-5A32-26D44E9A4B1B}
		{751E2455-2180-418D-9BDF-8CF21862F48D} = {95DAFE83-B160-D07D-4CEC-BCA8EA9CDD50}
		{F85A2E71-3946-865E-4D56-1644A9C6D788} = {0A5DD24C-022C-ED9C-5A32-26D44E9A4B1B}
		{32256133-3770-4476-8947-F780DE6FCFB1} = {F85A2E71-3946-865E-4D56-1644A9C6D788}
		{5BB1ECC5-EFB6-D0CF-10D8-BB775B49F401} = {8A367DDA-5161-A942-4F09-60E4726C9306}
		{964D49E9-C328-DD2E-886F-C7F965276E0A} = {5BB1ECC5-EFB6-D0CF-10D8-BB775B49F401}
		{78DC9D9B-4C84-4CDD-88CC-CD61FEF5BCB2} = {964D49E9-C328-DD2E-886F-C7F965276E0A}
		{B96936F9-7BD1-52FC-BC0D-A429F7C6ED15} = {5BB1ECC5-EFB6-D0CF-10D8-BB775B49F401}
		{95128882-6734-4FBF-B45E-EEF29BDF47F2} = {B96936F9-7BD1-52FC-BC0D-A429F7C6ED15}
		{36279E0F-8792-F7BB-BE0D-84110041B64E} = {5BB1ECC5-EFB6-D0CF-10D8-BB775B49F401}
		{A51D6868-AE5F-4A82-B067-46FBC6FF5E63} = {36279E0F-8792-F7BB-BE0D-84110041B64E}
		{590F05BE-6B81-BE71-6833-EF28932A716A} = {5BB1ECC5-EFB6-D0CF-10D8-BB775B49F401}
		{645E0F98-9D1E-463E-84D3-3186D421025A} = {590F05BE-6B81-BE71-6833-EF28932A716A}
		{57100A56-520E-DBBB-C014-D73AA721F2C7} = {8A367DDA-5161-A942-4F09-60E4726C9306}
		{EE6EEB0D-679A-57AF-B0E0-F231CC96C60E} = {57100A56-520E-DBBB-C014-D73AA721F2C7}
		{542353A6-8DE0-4293-8A03-BBF2C789EEE2} = {EE6EEB0D-679A-57AF-B0E0-F231CC96C60E}
		{70EDCF92-BA4A-EAD0-B0CD-D24575F3B4DE} = {57100A56-520E-DBBB-C014-D73AA721F2C7}
		{0C0E2811-65E7-45D7-B786-F88C6939D84B} = {70EDCF92-BA4A-EAD0-B0CD-D24575F3B4DE}
		{FD05BCBF-2DA5-A1BD-97CB-55B01F997358} = {57100A56-520E-DBBB-C014-D73AA721F2C7}
		{A384FCA1-2D70-419B-91C0-B3D77DF1896E} = {FD05BCBF-2DA5-A1BD-97CB-55B01F997358}
		{C622B0AC-E5CE-DDA4-15F1-EBD14332C554} = {57100A56-520E-DBBB-C014-D73AA721F2C7}
		{674E0880-FACF-4F33-B384-2A41B1D5F6D6} = {C622B0AC-E5CE-DDA4-15F1-EBD14332C554}
		{C54AFCBC-F20B-B003-E8E4-C768B9BBC67B} = {8A367DDA-5161-A942-4F09-60E4726C9306}
		{BF7276A8-FAFD-FCCC-DA50-F59CE704151F} = {C54AFCBC-F20B-B003-E8E4-C768B9BBC67B}
		{E5C9EF32-266F-465B-B7E0-47BB08E21E2D} = {BF7276A8-FAFD-FCCC-DA50-F59CE704151F}
		{FA1A1F17-15A6-3C3A-5FA9-1239825923F3} = {C54AFCBC-F20B-B003-E8E4-C768B9BBC67B}
		{A1DDE43C-6E47-44B7-9BE6-4EFBA6C4B32A} = {FA1A1F17-15A6-3C3A-5FA9-1239825923F3}
		{43A3661F-D107-C2FB-AD51-916ACE2430F4} = {C54AFCBC-F20B-B003-E8E4-C768B9BBC67B}
		{73536FB5-E578-41CD-BBC2-26E6A36710B0} = {43A3661F-D107-C2FB-AD51-916ACE2430F4}
		{E6C8BE20-90E1-FBFC-7F9E-B6C5A12C88AD} = {C54AFCBC-F20B-B003-E8E4-C768B9BBC67B}
		{68D97E47-0C03-4A71-939F-D193CAE7DF69} = {E6C8BE20-90E1-FBFC-7F9E-B6C5A12C88AD}
		{0FBFBE9C-FD1F-0E9F-7F5D-58EBFFBBE36B} = {8A367DDA-5161-A942-4F09-60E4726C9306}
		{740B2EE4-7A47-E718-8092-95359F28A16F} = {0FBFBE9C-FD1F-0E9F-7F5D-58EBFFBBE36B}
		{34AE668E-5D3C-40EE-96EA-5EB7E8582148} = {740B2EE4-7A47-E718-8092-95359F28A16F}
		{AA520303-3789-4B77-BA25-9FF3A4252A2C} = {5BB1ECC5-EFB6-D0CF-10D8-BB775B49F401}
		{A3A48100-4B89-4713-B7FF-56C4EE965EC2} = {AA520303-3789-4B77-BA25-9FF3A4252A2C}
		{8AE2727D-0F6F-456D-85C5-8A65A93D8263} = {81D30253-D957-530F-3512-F8F4B88CAE26}
		{90356A11-690A-4B90-BF50-C5EF51F81E11} = {8AE2727D-0F6F-456D-85C5-8A65A93D8263}
		{E9EE9095-4892-4CCC-A01C-B156D58B11E3} = {57100A56-520E-DBBB-C014-D73AA721F2C7}
		{8D767A98-55CD-4230-82B8-A874B32A2BFF} = {E9EE9095-4892-4CCC-A01C-B156D58B11E3}
		{9E6641B1-C58B-4D46-B89D-FA8B4A361010} = {0A5DD24C-022C-ED9C-5A32-26D44E9A4B1B}
		{B591014D-9004-49EC-ACDF-EDC056376400} = {9E6641B1-C58B-4D46-B89D-FA8B4A361010}
		{657D8C65-E43C-05C8-3223-DCCB907561D8} = {0FBFBE9C-FD1F-0E9F-7F5D-58EBFFBBE36B}
		{38D59978-0B58-438F-991F-BFA41F14F9C1} = {657D8C65-E43C-05C8-3223-DCCB907561D8}
		{F6A5D50E-A25C-D223-0EE9-6BE9687FBBA9} = {0FBFBE9C-FD1F-0E9F-7F5D-58EBFFBBE36B}
		{530ECCB1-3C2F-4FD8-8279-3672F5585712} = {F6A5D50E-A25C-D223-0EE9-6BE9687FBBA9}
		{E456E29F-476A-9674-CBD9-26A22F2433F6} = {0FBFBE9C-FD1F-0E9F-7F5D-58EBFFBBE36B}
		{041DB1D4-FD58-4726-B1E6-B2C6FC795AD7} = {E456E29F-476A-9674-CBD9-26A22F2433F6}
		{301A0E17-3BA5-40E0-81F2-841874257B09} = {0FBFBE9C-FD1F-0E9F-7F5D-58EBFFBBE36B}
		{CAAB62B4-622B-4F30-8B86-C3C99627E066} = {301A0E17-3BA5-40E0-81F2-841874257B09}
		{A1B2C3D4-E5F6-4A5B-8C9D-1E2F3A4B5C6D} = {AAAAAAAA-BBBB-CCCC-DDDD-EEEEEEEEEEEE}
		{F1E2D3C4-B5A6-4C5D-9E8F-1A2B3C4D5E6F} = {A1B2C3D4-E5F6-4A5B-8C9D-1E2F3A4B5C6D}
		{11111111-1111-1111-1111-111111111111} = {F1E2D3C4-B5A6-4C5D-9E8F-1A2B3C4D5E6F}
		{11111111-1111-1111-1111-111111111112} = {F1E2D3C4-B5A6-4C5D-9E8F-1A2B3C4D5E6F}
		{11111111-1111-1111-1111-111111111113} = {11111111-1111-1111-1111-111111111112}
		{11111111-1111-1111-1111-111111111114} = {11111111-1111-1111-1111-111111111112}
		{11111111-1111-1111-1111-111111111115} = {11111111-1111-1111-1111-111111111112}
		{11111111-1111-1111-1111-111111111116} = {11111111-1111-1111-1111-111111111112}
		{11111111-1111-1111-1111-111111111117} = {11111111-1111-1111-1111-111111111112}
		{11111111-1111-1111-1111-111111111118} = {11111111-1111-1111-1111-111111111112}
		{11111111-1111-1111-1111-111111111119} = {F1E2D3C4-B5A6-4C5D-9E8F-1A2B3C4D5E6F}
		{11111111-1111-1111-1111-11111111111A} = {F1E2D3C4-B5A6-4C5D-9E8F-1A2B3C4D5E6F}
		{11111111-1111-1111-1111-11111111111B} = {F1E2D3C4-B5A6-4C5D-9E8F-1A2B3C4D5E6F}
		{11111111-1111-1111-1111-11111111111C} = {F1E2D3C4-B5A6-4C5D-9E8F-1A2B3C4D5E6F}
		{A2B3C4D5-E6F7-5D6E-0F1A-2B3C4D5E6F7A} = {A1B2C3D4-E5F6-4A5B-8C9D-1E2F3A4B5C6D}
		{22222222-2222-2222-2222-222222222221} = {A2B3C4D5-E6F7-5D6E-0F1A-2B3C4D5E6F7A}
		{22222222-2222-2222-2222-222222222222} = {A2B3C4D5-E6F7-5D6E-0F1A-2B3C4D5E6F7A}
		{22222222-2222-2222-2222-222222222223} = {A2B3C4D5-E6F7-5D6E-0F1A-2B3C4D5E6F7A}
		{22222222-2222-2222-2222-222222222224} = {A2B3C4D5-E6F7-5D6E-0F1A-2B3C4D5E6F7A}
		{22222222-2222-2222-2222-222222222225} = {A2B3C4D5-E6F7-5D6E-0F1A-2B3C4D5E6F7A}
		{22222222-2222-2222-2222-222222222226} = {22222222-2222-2222-2222-222222222225}
		{22222222-2222-2222-2222-222222222227} = {22222222-2222-2222-2222-222222222225}
		{22222222-2222-2222-2222-222222222228} = {22222222-2222-2222-2222-222222222225}
		{22222222-2222-2222-2222-222222222229} = {22222222-2222-2222-2222-222222222225}
		{22222222-2222-2222-2222-22222222222A} = {22222222-2222-2222-2222-222222222225}
		{22222222-2222-2222-2222-22222222222B} = {22222222-2222-2222-2222-222222222225}
		{22222222-2222-2222-2222-22222222222C} = {A2B3C4D5-E6F7-5D6E-0F1A-2B3C4D5E6F7A}
		{B2C3D4E5-F6A7-5B6C-9D0E-2F3A4B5C6D7E} = {AAAAAAAA-BBBB-CCCC-DDDD-EEEEEEEEEEEE}
		{C3D4E5F6-A7B8-6C7D-0E1F-3A4B5C6D7E8F} = {AAAAAAAA-BBBB-CCCC-DDDD-EEEEEEEEEEEE}
		{B3C4D5E6-F7A8-6D7E-1F2A-3B4C5D6E7F8A} = {C3D4E5F6-A7B8-6C7D-0E1F-3A4B5C6D7E8F}
		{C4D5E6F7-A8B9-7E8F-2A3B-4C5D6E7F8A9B} = {C3D4E5F6-A7B8-6C7D-0E1F-3A4B5C6D7E8F}
		{D4E5F6A7-B8C9-7D8E-1F2A-4B5C6D7E8F9A} = {AAAAAAAA-BBBB-CCCC-DDDD-EEEEEEEEEEEE}
		{33333333-3333-3333-3333-333333333331} = {D4E5F6A7-B8C9-7D8E-1F2A-4B5C6D7E8F9A}
		{33333333-3333-3333-3333-333333333332} = {D4E5F6A7-B8C9-7D8E-1F2A-4B5C6D7E8F9A}
		{33333333-3333-3333-3333-333333333333} = {33333333-3333-3333-3333-333333333332}
		{33333333-3333-3333-3333-333333333334} = {33333333-3333-3333-3333-333333333332}
		{33333333-3333-3333-3333-333333333335} = {33333333-3333-3333-3333-333333333332}
		{33333333-3333-3333-3333-333333333336} = {33333333-3333-3333-3333-333333333332}
		{33333333-3333-3333-3333-333333333337} = {33333333-3333-3333-3333-333333333332}
		{33333333-3333-3333-3333-333333333338} = {33333333-3333-3333-3333-333333333332}
		{33333333-3333-3333-3333-333333333339} = {33333333-3333-3333-3333-333333333332}
		{33333333-3333-3333-3333-33333333333B} = {D4E5F6A7-B8C9-7D8E-1F2A-4B5C6D7E8F9A}
		{F21F1A8A-B2AE-DC8B-459D-9E38AB30AD9E} = {8A367DDA-5161-A942-4F09-60E4726C9306}
		{B4257140-E6C4-6961-0D2C-5A224ED9C16F} = {F21F1A8A-B2AE-DC8B-459D-9E38AB30AD9E}
		{3F925FB1-F0D4-4A10-8587-080D52571379} = {B4257140-E6C4-6961-0D2C-5A224ED9C16F}
		{2F3D4BD1-0274-F9C0-9AA3-56A99BC4A407} = {F21F1A8A-B2AE-DC8B-459D-9E38AB30AD9E}
		{D141C2DE-0A2F-4F2B-86F0-0D3D26A43836} = {2F3D4BD1-0274-F9C0-9AA3-56A99BC4A407}
		{9E2F0B17-21A4-9B3A-2E0C-7B516EAF1C82} = {F21F1A8A-B2AE-DC8B-459D-9E38AB30AD9E}
		{844E0344-3B1A-44F4-84E4-C57FF7E1E3D0} = {9E2F0B17-21A4-9B3A-2E0C-7B516EAF1C82}
		{B1449D91-3390-AE86-5F87-E1AB3207DF9C} = {F21F1A8A-B2AE-DC8B-459D-9E38AB30AD9E}
		{CB9549D4-4DAA-46B9-A4E5-0DDFDA2936E6} = {B1449D91-3390-AE86-5F87-E1AB3207DF9C}
		{6C4A2A6D-D8D6-9F9D-22C3-A1FE8524D3A8} = {F21F1A8A-B2AE-DC8B-459D-9E38AB30AD9E}
		{5FBF7E97-9D34-489C-8E77-602888D2FA5D} = {6C4A2A6D-D8D6-9F9D-22C3-A1FE8524D3A8}
	EndGlobalSection
EndGlobal
